{
  "pins" : [
    {
      "identity" : "nwwebsocket",
      "kind" : "remoteSourceControl",
      "location" : "https://github.com/pusher/NWWebSocket.git",
      "state" : {
        "revision" : "19d23951c8099304ad98e2fc762fa23d6bfab0b9",
        "version" : "0.5.3"
      }
    }
  ],
  "version" : 2
}
