// !$*UTF8*$!
{
	archiveVersion = 1;
	classes = {
	};
	objectVersion = 56;
	objects = {

/* Begin PBXBuildFile section */
		ED81A3102AFA4C2F00E06E05 /* SwiftUI_CoreMLApp.swift in Sources */ = {isa = PBXBuildFile; fileRef = ED81A30F2AFA4C2F00E06E05 /* SwiftUI_CoreMLApp.swift */; };
		ED81A3122AFA4C2F00E06E05 /* ContentView.swift in Sources */ = {isa = PBXBuildFile; fileRef = ED81A3112AFA4C2F00E06E05 /* ContentView.swift */; };
		ED81A3142AFA4C3100E06E05 /* Assets.xcassets in Resources */ = {isa = PBXBuildFile; fileRef = ED81A3132AFA4C3100E06E05 /* Assets.xcassets */; };
		ED81A3172AFA4C3100E06E05 /* Preview Assets.xcassets in Resources */ = {isa = PBXBuildFile; fileRef = ED81A3162AFA4C3100E06E05 /* Preview Assets.xcassets */; };
		ED81A3212AFA4C3100E06E05 /* SwiftUI_CoreMLTests.swift in Sources */ = {isa = PBXBuildFile; fileRef = ED81A3202AFA4C3100E06E05 /* SwiftUI_CoreMLTests.swift */; };
		ED81A32B2AFA4C3100E06E05 /* SwiftUI_CoreMLUITests.swift in Sources */ = {isa = PBXBuildFile; fileRef = ED81A32A2AFA4C3100E06E05 /* SwiftUI_CoreMLUITests.swift */; };
		ED81A32D2AFA4C3100E06E05 /* SwiftUI_CoreMLUITestsLaunchTests.swift in Sources */ = {isa = PBXBuildFile; fileRef = ED81A32C2AFA4C3100E06E05 /* SwiftUI_CoreMLUITestsLaunchTests.swift */; };
		ED81A33A2AFA4E5C00E06E05 /* RecognizeView.swift in Sources */ = {isa = PBXBuildFile; fileRef = ED81A3392AFA4E5C00E06E05 /* RecognizeView.swift */; };
		ED81A33C2AFA612600E06E05 /* Downloader.swift in Sources */ = {isa = PBXBuildFile; fileRef = ED81A33B2AFA612600E06E05 /* Downloader.swift */; };
/* End PBXBuildFile section */

/* Begin PBXContainerItemProxy section */
		ED81A31D2AFA4C3100E06E05 /* PBXContainerItemProxy */ = {
			isa = PBXContainerItemProxy;
			containerPortal = ED81A3042AFA4C2F00E06E05 /* Project object */;
			proxyType = 1;
			remoteGlobalIDString = ED81A30B2AFA4C2F00E06E05;
			remoteInfo = SwiftUI_CoreML;
		};
		ED81A3272AFA4C3100E06E05 /* PBXContainerItemProxy */ = {
			isa = PBXContainerItemProxy;
			containerPortal = ED81A3042AFA4C2F00E06E05 /* Project object */;
			proxyType = 1;
			remoteGlobalIDString = ED81A30B2AFA4C2F00E06E05;
			remoteInfo = SwiftUI_CoreML;
		};
/* End PBXContainerItemProxy section */

/* Begin PBXFileReference section */
		ED81A30C2AFA4C2F00E06E05 /* SwiftUI_CoreML.app */ = {isa = PBXFileReference; explicitFileType = wrapper.application; includeInIndex = 0; path = SwiftUI_CoreML.app; sourceTree = BUILT_PRODUCTS_DIR; };
		ED81A30F2AFA4C2F00E06E05 /* SwiftUI_CoreMLApp.swift */ = {isa = PBXFileReference; lastKnownFileType = sourcecode.swift; path = SwiftUI_CoreMLApp.swift; sourceTree = "<group>"; };
		ED81A3112AFA4C2F00E06E05 /* ContentView.swift */ = {isa = PBXFileReference; lastKnownFileType = sourcecode.swift; path = ContentView.swift; sourceTree = "<group>"; };
		ED81A3132AFA4C3100E06E05 /* Assets.xcassets */ = {isa = PBXFileReference; lastKnownFileType = folder.assetcatalog; path = Assets.xcassets; sourceTree = "<group>"; };
		ED81A3162AFA4C3100E06E05 /* Preview Assets.xcassets */ = {isa = PBXFileReference; lastKnownFileType = folder.assetcatalog; path = "Preview Assets.xcassets"; sourceTree = "<group>"; };
		ED81A31C2AFA4C3100E06E05 /* SwiftUI_CoreMLTests.xctest */ = {isa = PBXFileReference; explicitFileType = wrapper.cfbundle; includeInIndex = 0; path = SwiftUI_CoreMLTests.xctest; sourceTree = BUILT_PRODUCTS_DIR; };
		ED81A3202AFA4C3100E06E05 /* SwiftUI_CoreMLTests.swift */ = {isa = PBXFileReference; lastKnownFileType = sourcecode.swift; path = SwiftUI_CoreMLTests.swift; sourceTree = "<group>"; };
		ED81A3262AFA4C3100E06E05 /* SwiftUI_CoreMLUITests.xctest */ = {isa = PBXFileReference; explicitFileType = wrapper.cfbundle; includeInIndex = 0; path = SwiftUI_CoreMLUITests.xctest; sourceTree = BUILT_PRODUCTS_DIR; };
		ED81A32A2AFA4C3100E06E05 /* SwiftUI_CoreMLUITests.swift */ = {isa = PBXFileReference; lastKnownFileType = sourcecode.swift; path = SwiftUI_CoreMLUITests.swift; sourceTree = "<group>"; };
		ED81A32C2AFA4C3100E06E05 /* SwiftUI_CoreMLUITestsLaunchTests.swift */ = {isa = PBXFileReference; lastKnownFileType = sourcecode.swift; path = SwiftUI_CoreMLUITestsLaunchTests.swift; sourceTree = "<group>"; };
		ED81A3392AFA4E5C00E06E05 /* RecognizeView.swift */ = {isa = PBXFileReference; fileEncoding = 4; lastKnownFileType = sourcecode.swift; path = RecognizeView.swift; sourceTree = "<group>"; };
		ED81A33B2AFA612600E06E05 /* Downloader.swift */ = {isa = PBXFileReference; lastKnownFileType = sourcecode.swift; path = Downloader.swift; sourceTree = "<group>"; };
		ED81A33D2AFA6C7200E06E05 /* SwiftUI-CoreML-Info.plist */ = {isa = PBXFileReference; lastKnownFileType = text.plist; path = "SwiftUI-CoreML-Info.plist"; sourceTree = SOURCE_ROOT; };
/* End PBXFileReference section */

/* Begin PBXFrameworksBuildPhase section */
		ED81A3092AFA4C2F00E06E05 /* Frameworks */ = {
			isa = PBXFrameworksBuildPhase;
			buildActionMask = 2147483647;
			files = (
			);
			runOnlyForDeploymentPostprocessing = 0;
		};
		ED81A3192AFA4C3100E06E05 /* Frameworks */ = {
			isa = PBXFrameworksBuildPhase;
			buildActionMask = 2147483647;
			files = (
			);
			runOnlyForDeploymentPostprocessing = 0;
		};
		ED81A3232AFA4C3100E06E05 /* Frameworks */ = {
			isa = PBXFrameworksBuildPhase;
			buildActionMask = 2147483647;
			files = (
			);
			runOnlyForDeploymentPostprocessing = 0;
		};
/* End PBXFrameworksBuildPhase section */

/* Begin PBXGroup section */
		ED81A3032AFA4C2F00E06E05 = {
			isa = PBXGroup;
			children = (
				ED81A30E2AFA4C2F00E06E05 /* SwiftUI_CoreML */,
				ED81A31F2AFA4C3100E06E05 /* SwiftUI_CoreMLTests */,
				ED81A3292AFA4C3100E06E05 /* SwiftUI_CoreMLUITests */,
				ED81A30D2AFA4C2F00E06E05 /* Products */,
			);
			sourceTree = "<group>";
		};
		ED81A30D2AFA4C2F00E06E05 /* Products */ = {
			isa = PBXGroup;
			children = (
				ED81A30C2AFA4C2F00E06E05 /* SwiftUI_CoreML.app */,
				ED81A31C2AFA4C3100E06E05 /* SwiftUI_CoreMLTests.xctest */,
				ED81A3262AFA4C3100E06E05 /* SwiftUI_CoreMLUITests.xctest */,
			);
			name = Products;
			sourceTree = "<group>";
		};
		ED81A30E2AFA4C2F00E06E05 /* SwiftUI_CoreML */ = {
			isa = PBXGroup;
			children = (
				ED81A33D2AFA6C7200E06E05 /* SwiftUI-CoreML-Info.plist */,
				ED81A3392AFA4E5C00E06E05 /* RecognizeView.swift */,
				ED81A30F2AFA4C2F00E06E05 /* SwiftUI_CoreMLApp.swift */,
				ED81A3112AFA4C2F00E06E05 /* ContentView.swift */,
				ED81A3132AFA4C3100E06E05 /* Assets.xcassets */,
				ED81A3152AFA4C3100E06E05 /* Preview Content */,
				ED81A33B2AFA612600E06E05 /* Downloader.swift */,
			);
			path = SwiftUI_CoreML;
			sourceTree = "<group>";
		};
		ED81A3152AFA4C3100E06E05 /* Preview Content */ = {
			isa = PBXGroup;
			children = (
				ED81A3162AFA4C3100E06E05 /* Preview Assets.xcassets */,
			);
			path = "Preview Content";
			sourceTree = "<group>";
		};
		ED81A31F2AFA4C3100E06E05 /* SwiftUI_CoreMLTests */ = {
			isa = PBXGroup;
			children = (
				ED81A3202AFA4C3100E06E05 /* SwiftUI_CoreMLTests.swift */,
			);
			path = SwiftUI_CoreMLTests;
			sourceTree = "<group>";
		};
		ED81A3292AFA4C3100E06E05 /* SwiftUI_CoreMLUITests */ = {
			isa = PBXGroup;
			children = (
				ED81A32A2AFA4C3100E06E05 /* SwiftUI_CoreMLUITests.swift */,
				ED81A32C2AFA4C3100E06E05 /* SwiftUI_CoreMLUITestsLaunchTests.swift */,
			);
			path = SwiftUI_CoreMLUITests;
			sourceTree = "<group>";
		};
/* End PBXGroup section */

/* Begin PBXNativeTarget section */
		ED81A30B2AFA4C2F00E06E05 /* SwiftUI_CoreML */ = {
			isa = PBXNativeTarget;
			buildConfigurationList = ED81A3302AFA4C3100E06E05 /* Build configuration list for PBXNativeTarget "SwiftUI_CoreML" */;
			buildPhases = (
				ED81A3082AFA4C2F00E06E05 /* Sources */,
				ED81A3092AFA4C2F00E06E05 /* Frameworks */,
				ED81A30A2AFA4C2F00E06E05 /* Resources */,
			);
			buildRules = (
			);
			dependencies = (
			);
			name = SwiftUI_CoreML;
			productName = SwiftUI_CoreML;
			productReference = ED81A30C2AFA4C2F00E06E05 /* SwiftUI_CoreML.app */;
			productType = "com.apple.product-type.application";
		};
		ED81A31B2AFA4C3100E06E05 /* SwiftUI_CoreMLTests */ = {
			isa = PBXNativeTarget;
			buildConfigurationList = ED81A3332AFA4C3100E06E05 /* Build configuration list for PBXNativeTarget "SwiftUI_CoreMLTests" */;
			buildPhases = (
				ED81A3182AFA4C3100E06E05 /* Sources */,
				ED81A3192AFA4C3100E06E05 /* Frameworks */,
				ED81A31A2AFA4C3100E06E05 /* Resources */,
			);
			buildRules = (
			);
			dependencies = (
				ED81A31E2AFA4C3100E06E05 /* PBXTargetDependency */,
			);
			name = SwiftUI_CoreMLTests;
			productName = SwiftUI_CoreMLTests;
			productReference = ED81A31C2AFA4C3100E06E05 /* SwiftUI_CoreMLTests.xctest */;
			productType = "com.apple.product-type.bundle.unit-test";
		};
		ED81A3252AFA4C3100E06E05 /* SwiftUI_CoreMLUITests */ = {
			isa = PBXNativeTarget;
			buildConfigurationList = ED81A3362AFA4C3100E06E05 /* Build configuration list for PBXNativeTarget "SwiftUI_CoreMLUITests" */;
			buildPhases = (
				ED81A3222AFA4C3100E06E05 /* Sources */,
				ED81A3232AFA4C3100E06E05 /* Frameworks */,
				ED81A3242AFA4C3100E06E05 /* Resources */,
			);
			buildRules = (
			);
			dependencies = (
				ED81A3282AFA4C3100E06E05 /* PBXTargetDependency */,
			);
			name = SwiftUI_CoreMLUITests;
			productName = SwiftUI_CoreMLUITests;
			productReference = ED81A3262AFA4C3100E06E05 /* SwiftUI_CoreMLUITests.xctest */;
			productType = "com.apple.product-type.bundle.ui-testing";
		};
/* End PBXNativeTarget section */

/* Begin PBXProject section */
		ED81A3042AFA4C2F00E06E05 /* Project object */ = {
			isa = PBXProject;
			attributes = {
				BuildIndependentTargetsInParallel = 1;
				LastSwiftUpdateCheck = 1500;
				LastUpgradeCheck = 1500;
				TargetAttributes = {
					ED81A30B2AFA4C2F00E06E05 = {
						CreatedOnToolsVersion = 15.0.1;
					};
					ED81A31B2AFA4C3100E06E05 = {
						CreatedOnToolsVersion = 15.0.1;
						TestTargetID = ED81A30B2AFA4C2F00E06E05;
					};
					ED81A3252AFA4C3100E06E05 = {
						CreatedOnToolsVersion = 15.0.1;
						TestTargetID = ED81A30B2AFA4C2F00E06E05;
					};
				};
			};
			buildConfigurationList = ED81A3072AFA4C2F00E06E05 /* Build configuration list for PBXProject "SwiftUI_CoreML" */;
			compatibilityVersion = "Xcode 14.0";
			developmentRegion = en;
			hasScannedForEncodings = 0;
			knownRegions = (
				en,
				Base,
			);
			mainGroup = ED81A3032AFA4C2F00E06E05;
			productRefGroup = ED81A30D2AFA4C2F00E06E05 /* Products */;
			projectDirPath = "";
			projectRoot = "";
			targets = (
				ED81A30B2AFA4C2F00E06E05 /* SwiftUI_CoreML */,
				ED81A31B2AFA4C3100E06E05 /* SwiftUI_CoreMLTests */,
				ED81A3252AFA4C3100E06E05 /* SwiftUI_CoreMLUITests */,
			);
		};
/* End PBXProject section */

/* Begin PBXResourcesBuildPhase section */
		ED81A30A2AFA4C2F00E06E05 /* Resources */ = {
			isa = PBXResourcesBuildPhase;
			buildActionMask = 2147483647;
			files = (
				ED81A3172AFA4C3100E06E05 /* Preview Assets.xcassets in Resources */,
				ED81A3142AFA4C3100E06E05 /* Assets.xcassets in Resources */,
			);
			runOnlyForDeploymentPostprocessing = 0;
		};
		ED81A31A2AFA4C3100E06E05 /* Resources */ = {
			isa = PBXResourcesBuildPhase;
			buildActionMask = 2147483647;
			files = (
			);
			runOnlyForDeploymentPostprocessing = 0;
		};
		ED81A3242AFA4C3100E06E05 /* Resources */ = {
			isa = PBXResourcesBuildPhase;
			buildActionMask = 2147483647;
			files = (
			);
			runOnlyForDeploymentPostprocessing = 0;
		};
/* End PBXResourcesBuildPhase section */

/* Begin PBXSourcesBuildPhase section */
		ED81A3082AFA4C2F00E06E05 /* Sources */ = {
			isa = PBXSourcesBuildPhase;
			buildActionMask = 2147483647;
			files = (
				ED81A3122AFA4C2F00E06E05 /* ContentView.swift in Sources */,
				ED81A3102AFA4C2F00E06E05 /* SwiftUI_CoreMLApp.swift in Sources */,
				ED81A33C2AFA612600E06E05 /* Downloader.swift in Sources */,
				ED81A33A2AFA4E5C00E06E05 /* RecognizeView.swift in Sources */,
			);
			runOnlyForDeploymentPostprocessing = 0;
		};
		ED81A3182AFA4C3100E06E05 /* Sources */ = {
			isa = PBXSourcesBuildPhase;
			buildActionMask = 2147483647;
			files = (
				ED81A3212AFA4C3100E06E05 /* SwiftUI_CoreMLTests.swift in Sources */,
			);
			runOnlyForDeploymentPostprocessing = 0;
		};
		ED81A3222AFA4C3100E06E05 /* Sources */ = {
			isa = PBXSourcesBuildPhase;
			buildActionMask = 2147483647;
			files = (
				ED81A32D2AFA4C3100E06E05 /* SwiftUI_CoreMLUITestsLaunchTests.swift in Sources */,
				ED81A32B2AFA4C3100E06E05 /* SwiftUI_CoreMLUITests.swift in Sources */,
			);
			runOnlyForDeploymentPostprocessing = 0;
		};
/* End PBXSourcesBuildPhase section */

/* Begin PBXTargetDependency section */
		ED81A31E2AFA4C3100E06E05 /* PBXTargetDependency */ = {
			isa = PBXTargetDependency;
			target = ED81A30B2AFA4C2F00E06E05 /* SwiftUI_CoreML */;
			targetProxy = ED81A31D2AFA4C3100E06E05 /* PBXContainerItemProxy */;
		};
		ED81A3282AFA4C3100E06E05 /* PBXTargetDependency */ = {
			isa = PBXTargetDependency;
			target = ED81A30B2AFA4C2F00E06E05 /* SwiftUI_CoreML */;
			targetProxy = ED81A3272AFA4C3100E06E05 /* PBXContainerItemProxy */;
		};
/* End PBXTargetDependency section */

/* Begin XCBuildConfiguration section */
		ED81A32E2AFA4C3100E06E05 /* Debug */ = {
			isa = XCBuildConfiguration;
			buildSettings = {
				ALWAYS_SEARCH_USER_PATHS = NO;
				ASSETCATALOG_COMPILER_GENERATE_SWIFT_ASSET_SYMBOL_EXTENSIONS = YES;
				CLANG_ANALYZER_NONNULL = YES;
				CLANG_ANALYZER_NUMBER_OBJECT_CONVERSION = YES_AGGRESSIVE;
				CLANG_CXX_LANGUAGE_STANDARD = "gnu++20";
				CLANG_ENABLE_MODULES = YES;
				CLANG_ENABLE_OBJC_ARC = YES;
				CLANG_ENABLE_OBJC_WEAK = YES;
				CLANG_WARN_BLOCK_CAPTURE_AUTORELEASING = YES;
				CLANG_WARN_BOOL_CONVERSION = YES;
				CLANG_WARN_COMMA = YES;
				CLANG_WARN_CONSTANT_CONVERSION = YES;
				CLANG_WARN_DEPRECATED_OBJC_IMPLEMENTATIONS = YES;
				CLANG_WARN_DIRECT_OBJC_ISA_USAGE = YES_ERROR;
				CLANG_WARN_DOCUMENTATION_COMMENTS = YES;
				CLANG_WARN_EMPTY_BODY = YES;
				CLANG_WARN_ENUM_CONVERSION = YES;
				CLANG_WARN_INFINITE_RECURSION = YES;
				CLANG_WARN_INT_CONVERSION = YES;
				CLANG_WARN_NON_LITERAL_NULL_CONVERSION = YES;
				CLANG_WARN_OBJC_IMPLICIT_RETAIN_SELF = YES;
				CLANG_WARN_OBJC_LITERAL_CONVERSION = YES;
				CLANG_WARN_OBJC_ROOT_CLASS = YES_ERROR;
				CLANG_WARN_QUOTED_INCLUDE_IN_FRAMEWORK_HEADER = YES;
				CLANG_WARN_RANGE_LOOP_ANALYSIS = YES;
				CLANG_WARN_STRICT_PROTOTYPES = YES;
				CLANG_WARN_SUSPICIOUS_MOVE = YES;
				CLANG_WARN_UNGUARDED_AVAILABILITY = YES_AGGRESSIVE;
				CLANG_WARN_UNREACHABLE_CODE = YES;
				CLANG_WARN__DUPLICATE_METHOD_MATCH = YES;
				COPY_PHASE_STRIP = NO;
				DEBUG_INFORMATION_FORMAT = dwarf;
				ENABLE_STRICT_OBJC_MSGSEND = YES;
				ENABLE_TESTABILITY = YES;
				ENABLE_USER_SCRIPT_SANDBOXING = YES;
				GCC_C_LANGUAGE_STANDARD = gnu17;
				GCC_DYNAMIC_NO_PIC = NO;
				GCC_NO_COMMON_BLOCKS = YES;
				GCC_OPTIMIZATION_LEVEL = 0;
				GCC_PREPROCESSOR_DEFINITIONS = (
					"DEBUG=1",
					"$(inherited)",
				);
				GCC_WARN_64_TO_32_BIT_CONVERSION = YES;
				GCC_WARN_ABOUT_RETURN_TYPE = YES_ERROR;
				GCC_WARN_UNDECLARED_SELECTOR = YES;
				GCC_WARN_UNINITIALIZED_AUTOS = YES_AGGRESSIVE;
				GCC_WARN_UNUSED_FUNCTION = YES;
				GCC_WARN_UNUSED_VARIABLE = YES;
				IPHONEOS_DEPLOYMENT_TARGET = 17.0;
				LOCALIZATION_PREFERS_STRING_CATALOGS = YES;
				MTL_ENABLE_DEBUG_INFO = INCLUDE_SOURCE;
				MTL_FAST_MATH = YES;
				ONLY_ACTIVE_ARCH = YES;
				SDKROOT = iphoneos;
				SWIFT_ACTIVE_COMPILATION_CONDITIONS = "DEBUG $(inherited)";
				SWIFT_OPTIMIZATION_LEVEL = "-Onone";
			};
			name = Debug;
		};
		ED81A32F2AFA4C3100E06E05 /* Release */ = {
			isa = XCBuildConfiguration;
			buildSettings = {
				ALWAYS_SEARCH_USER_PATHS = NO;
				ASSETCATALOG_COMPILER_GENERATE_SWIFT_ASSET_SYMBOL_EXTENSIONS = YES;
				CLANG_ANALYZER_NONNULL = YES;
				CLANG_ANALYZER_NUMBER_OBJECT_CONVERSION = YES_AGGRESSIVE;
				CLANG_CXX_LANGUAGE_STANDARD = "gnu++20";
				CLANG_ENABLE_MODULES = YES;
				CLANG_ENABLE_OBJC_ARC = YES;
				CLANG_ENABLE_OBJC_WEAK = YES;
				CLANG_WARN_BLOCK_CAPTURE_AUTORELEASING = YES;
				CLANG_WARN_BOOL_CONVERSION = YES;
				CLANG_WARN_COMMA = YES;
				CLANG_WARN_CONSTANT_CONVERSION = YES;
				CLANG_WARN_DEPRECATED_OBJC_IMPLEMENTATIONS = YES;
				CLANG_WARN_DIRECT_OBJC_ISA_USAGE = YES_ERROR;
				CLANG_WARN_DOCUMENTATION_COMMENTS = YES;
				CLANG_WARN_EMPTY_BODY = YES;
				CLANG_WARN_ENUM_CONVERSION = YES;
				CLANG_WARN_INFINITE_RECURSION = YES;
				CLANG_WARN_INT_CONVERSION = YES;
				CLANG_WARN_NON_LITERAL_NULL_CONVERSION = YES;
				CLANG_WARN_OBJC_IMPLICIT_RETAIN_SELF = YES;
				CLANG_WARN_OBJC_LITERAL_CONVERSION = YES;
				CLANG_WARN_OBJC_ROOT_CLASS = YES_ERROR;
				CLANG_WARN_QUOTED_INCLUDE_IN_FRAMEWORK_HEADER = YES;
				CLANG_WARN_RANGE_LOOP_ANALYSIS = YES;
				CLANG_WARN_STRICT_PROTOTYPES = YES;
				CLANG_WARN_SUSPICIOUS_MOVE = YES;
				CLANG_WARN_UNGUARDED_AVAILABILITY = YES_AGGRESSIVE;
				CLANG_WARN_UNREACHABLE_CODE = YES;
				CLANG_WARN__DUPLICATE_METHOD_MATCH = YES;
				COPY_PHASE_STRIP = NO;
				DEBUG_INFORMATION_FORMAT = "dwarf-with-dsym";
				ENABLE_NS_ASSERTIONS = NO;
				ENABLE_STRICT_OBJC_MSGSEND = YES;
				ENABLE_USER_SCRIPT_SANDBOXING = YES;
				GCC_C_LANGUAGE_STANDARD = gnu17;
				GCC_NO_COMMON_BLOCKS = YES;
				GCC_WARN_64_TO_32_BIT_CONVERSION = YES;
				GCC_WARN_ABOUT_RETURN_TYPE = YES_ERROR;
				GCC_WARN_UNDECLARED_SELECTOR = YES;
				GCC_WARN_UNINITIALIZED_AUTOS = YES_AGGRESSIVE;
				GCC_WARN_UNUSED_FUNCTION = YES;
				GCC_WARN_UNUSED_VARIABLE = YES;
				IPHONEOS_DEPLOYMENT_TARGET = 17.0;
				LOCALIZATION_PREFERS_STRING_CATALOGS = YES;
				MTL_ENABLE_DEBUG_INFO = NO;
				MTL_FAST_MATH = YES;
				SDKROOT = iphoneos;
				SWIFT_COMPILATION_MODE = wholemodule;
				VALIDATE_PRODUCT = YES;
			};
			name = Release;
		};
		ED81A3312AFA4C3100E06E05 /* Debug */ = {
			isa = XCBuildConfiguration;
			buildSettings = {
				ASSETCATALOG_COMPILER_APPICON_NAME = AppIcon;
				ASSETCATALOG_COMPILER_GLOBAL_ACCENT_COLOR_NAME = AccentColor;
				CODE_SIGN_STYLE = Automatic;
				CURRENT_PROJECT_VERSION = 1;
				DEVELOPMENT_ASSET_PATHS = "\"SwiftUI_CoreML/Preview Content\"";
				DEVELOPMENT_TEAM = 5X6JDKHZC6;
				ENABLE_PREVIEWS = YES;
				GENERATE_INFOPLIST_FILE = YES;
				INFOPLIST_FILE = "SwiftUI-CoreML-Info.plist";
				INFOPLIST_KEY_UIApplicationSceneManifest_Generation = YES;
				INFOPLIST_KEY_UIApplicationSupportsIndirectInputEvents = YES;
				INFOPLIST_KEY_UILaunchScreen_Generation = YES;
				INFOPLIST_KEY_UISupportedInterfaceOrientations_iPad = "UIInterfaceOrientationPortrait UIInterfaceOrientationPortraitUpsideDown UIInterfaceOrientationLandscapeLeft UIInterfaceOrientationLandscapeRight";
				INFOPLIST_KEY_UISupportedInterfaceOrientations_iPhone = "UIInterfaceOrientationPortrait UIInterfaceOrientationLandscapeLeft UIInterfaceOrientationLandscapeRight";
				LD_RUNPATH_SEARCH_PATHS = (
					"$(inherited)",
					"@executable_path/Frameworks",
				);
				MARKETING_VERSION = 1.0;
				PRODUCT_BUNDLE_IDENTIFIER = "com.joyce.SwiftUI-CoreML";
				PRODUCT_NAME = "$(TARGET_NAME)";
				SWIFT_EMIT_LOC_STRINGS = YES;
				SWIFT_VERSION = 5.0;
				TARGETED_DEVICE_FAMILY = "1,2";
			};
			name = Debug;
		};
		ED81A3322AFA4C3100E06E05 /* Release */ = {
			isa = XCBuildConfiguration;
			buildSettings = {
				ASSETCATALOG_COMPILER_APPICON_NAME = AppIcon;
				ASSETCATALOG_COMPILER_GLOBAL_ACCENT_COLOR_NAME = AccentColor;
				CODE_SIGN_STYLE = Automatic;
				CURRENT_PROJECT_VERSION = 1;
				DEVELOPMENT_ASSET_PATHS = "\"SwiftUI_CoreML/Preview Content\"";
				DEVELOPMENT_TEAM = 5X6JDKHZC6;
				ENABLE_PREVIEWS = YES;
				GENERATE_INFOPLIST_FILE = YES;
				INFOPLIST_FILE = "SwiftUI-CoreML-Info.plist";
				INFOPLIST_KEY_UIApplicationSceneManifest_Generation = YES;
				INFOPLIST_KEY_UIApplicationSupportsIndirectInputEvents = YES;
				INFOPLIST_KEY_UILaunchScreen_Generation = YES;
				INFOPLIST_KEY_UISupportedInterfaceOrientations_iPad = "UIInterfaceOrientationPortrait UIInterfaceOrientationPortraitUpsideDown UIInterfaceOrientationLandscapeLeft UIInterfaceOrientationLandscapeRight";
				INFOPLIST_KEY_UISupportedInterfaceOrientations_iPhone = "UIInterfaceOrientationPortrait UIInterfaceOrientationLandscapeLeft UIInterfaceOrientationLandscapeRight";
				LD_RUNPATH_SEARCH_PATHS = (
					"$(inherited)",
					"@executable_path/Frameworks",
				);
				MARKETING_VERSION = 1.0;
				PRODUCT_BUNDLE_IDENTIFIER = "com.joyce.SwiftUI-CoreML";
				PRODUCT_NAME = "$(TARGET_NAME)";
				SWIFT_EMIT_LOC_STRINGS = YES;
				SWIFT_VERSION = 5.0;
				TARGETED_DEVICE_FAMILY = "1,2";
			};
			name = Release;
		};
		ED81A3342AFA4C3100E06E05 /* Debug */ = {
			isa = XCBuildConfiguration;
			buildSettings = {
				ALWAYS_EMBED_SWIFT_STANDARD_LIBRARIES = YES;
				BUNDLE_LOADER = "$(TEST_HOST)";
				CODE_SIGN_STYLE = Automatic;
				CURRENT_PROJECT_VERSION = 1;
				DEVELOPMENT_TEAM = 5X6JDKHZC6;
				GENERATE_INFOPLIST_FILE = YES;
				IPHONEOS_DEPLOYMENT_TARGET = 17.0;
				MARKETING_VERSION = 1.0;
				PRODUCT_BUNDLE_IDENTIFIER = "com.joyce.SwiftUI-CoreMLTests";
				PRODUCT_NAME = "$(TARGET_NAME)";
				SWIFT_EMIT_LOC_STRINGS = NO;
				SWIFT_VERSION = 5.0;
				TARGETED_DEVICE_FAMILY = "1,2";
				TEST_HOST = "$(BUILT_PRODUCTS_DIR)/SwiftUI_CoreML.app/$(BUNDLE_EXECUTABLE_FOLDER_PATH)/SwiftUI_CoreML";
			};
			name = Debug;
		};
		ED81A3352AFA4C3100E06E05 /* Release */ = {
			isa = XCBuildConfiguration;
			buildSettings = {
				ALWAYS_EMBED_SWIFT_STANDARD_LIBRARIES = YES;
				BUNDLE_LOADER = "$(TEST_HOST)";
				CODE_SIGN_STYLE = Automatic;
				CURRENT_PROJECT_VERSION = 1;
				DEVELOPMENT_TEAM = 5X6JDKHZC6;
				GENERATE_INFOPLIST_FILE = YES;
				IPHONEOS_DEPLOYMENT_TARGET = 17.0;
				MARKETING_VERSION = 1.0;
				PRODUCT_BUNDLE_IDENTIFIER = "com.joyce.SwiftUI-CoreMLTests";
				PRODUCT_NAME = "$(TARGET_NAME)";
				SWIFT_EMIT_LOC_STRINGS = NO;
				SWIFT_VERSION = 5.0;
				TARGETED_DEVICE_FAMILY = "1,2";
				TEST_HOST = "$(BUILT_PRODUCTS_DIR)/SwiftUI_CoreML.app/$(BUNDLE_EXECUTABLE_FOLDER_PATH)/SwiftUI_CoreML";
			};
			name = Release;
		};
		ED81A3372AFA4C3100E06E05 /* Debug */ = {
			isa = XCBuildConfiguration;
			buildSettings = {
				ALWAYS_EMBED_SWIFT_STANDARD_LIBRARIES = YES;
				CODE_SIGN_STYLE = Automatic;
				CURRENT_PROJECT_VERSION = 1;
				DEVELOPMENT_TEAM = 5X6JDKHZC6;
				GENERATE_INFOPLIST_FILE = YES;
				MARKETING_VERSION = 1.0;
				PRODUCT_BUNDLE_IDENTIFIER = "com.joyce.SwiftUI-CoreMLUITests";
				PRODUCT_NAME = "$(TARGET_NAME)";
				SWIFT_EMIT_LOC_STRINGS = NO;
				SWIFT_VERSION = 5.0;
				TARGETED_DEVICE_FAMILY = "1,2";
				TEST_TARGET_NAME = SwiftUI_CoreML;
			};
			name = Debug;
		};
		ED81A3382AFA4C3100E06E05 /* Release */ = {
			isa = XCBuildConfiguration;
			buildSettings = {
				ALWAYS_EMBED_SWIFT_STANDARD_LIBRARIES = YES;
				CODE_SIGN_STYLE = Automatic;
				CURRENT_PROJECT_VERSION = 1;
				DEVELOPMENT_TEAM = 5X6JDKHZC6;
				GENERATE_INFOPLIST_FILE = YES;
				MARKETING_VERSION = 1.0;
				PRODUCT_BUNDLE_IDENTIFIER = "com.joyce.SwiftUI-CoreMLUITests";
				PRODUCT_NAME = "$(TARGET_NAME)";
				SWIFT_EMIT_LOC_STRINGS = NO;
				SWIFT_VERSION = 5.0;
				TARGETED_DEVICE_FAMILY = "1,2";
				TEST_TARGET_NAME = SwiftUI_CoreML;
			};
			name = Release;
		};
/* End XCBuildConfiguration section */

/* Begin XCConfigurationList section */
		ED81A3072AFA4C2F00E06E05 /* Build configuration list for PBXProject "SwiftUI_CoreML" */ = {
			isa = XCConfigurationList;
			buildConfigurations = (
				ED81A32E2AFA4C3100E06E05 /* Debug */,
				ED81A32F2AFA4C3100E06E05 /* Release */,
			);
			defaultConfigurationIsVisible = 0;
			defaultConfigurationName = Release;
		};
		ED81A3302AFA4C3100E06E05 /* Build configuration list for PBXNativeTarget "SwiftUI_CoreML" */ = {
			isa = XCConfigurationList;
			buildConfigurations = (
				ED81A3312AFA4C3100E06E05 /* Debug */,
				ED81A3322AFA4C3100E06E05 /* Release */,
			);
			defaultConfigurationIsVisible = 0;
			defaultConfigurationName = Release;
		};
		ED81A3332AFA4C3100E06E05 /* Build configuration list for PBXNativeTarget "SwiftUI_CoreMLTests" */ = {
			isa = XCConfigurationList;
			buildConfigurations = (
				ED81A3342AFA4C3100E06E05 /* Debug */,
				ED81A3352AFA4C3100E06E05 /* Release */,
			);
			defaultConfigurationIsVisible = 0;
			defaultConfigurationName = Release;
		};
		ED81A3362AFA4C3100E06E05 /* Build configuration list for PBXNativeTarget "SwiftUI_CoreMLUITests" */ = {
			isa = XCConfigurationList;
			buildConfigurations = (
				ED81A3372AFA4C3100E06E05 /* Debug */,
				ED81A3382AFA4C3100E06E05 /* Release */,
			);
			defaultConfigurationIsVisible = 0;
			defaultConfigurationName = Release;
		};
/* End XCConfigurationList section */
	};
	rootObject = ED81A3042AFA4C2F00E06E05 /* Project object */;
}
