// !$*UTF8*$!
{
	archiveVersion = 1;
	classes = {
	};
	objectVersion = 56;
	objects = {

/* Begin PBXBuildFile section */
		ED58E0952B0B46800017F8F8 /* AppDelegate.swift in Sources */ = {isa = PBXBuildFile; fileRef = ED58E0942B0B46800017F8F8 /* AppDelegate.swift */; };
		ED58E0972B0B46800017F8F8 /* SceneDelegate.swift in Sources */ = {isa = PBXBuildFile; fileRef = ED58E0962B0B46800017F8F8 /* SceneDelegate.swift */; };
		ED58E0992B0B46800017F8F8 /* ViewController.swift in Sources */ = {isa = PBXBuildFile; fileRef = ED58E0982B0B46800017F8F8 /* ViewController.swift */; };
		ED58E09C2B0B46800017F8F8 /* Main.storyboard in Resources */ = {isa = PBXBuildFile; fileRef = ED58E09A2B0B46800017F8F8 /* Main.storyboard */; };
		ED58E09E2B0B46820017F8F8 /* Assets.xcassets in Resources */ = {isa = PBXBuildFile; fileRef = ED58E09D2B0B46820017F8F8 /* Assets.xcassets */; };
		ED58E0A12B0B46820017F8F8 /* LaunchScreen.storyboard in Resources */ = {isa = PBXBuildFile; fileRef = ED58E09F2B0B46820017F8F8 /* LaunchScreen.storyboard */; };
		ED58E0AC2B0B46820017F8F8 /* Swift_StoryBoardTests.swift in Sources */ = {isa = PBXBuildFile; fileRef = ED58E0AB2B0B46820017F8F8 /* Swift_StoryBoardTests.swift */; };
		ED58E0B62B0B46820017F8F8 /* Swift_StoryBoardUITests.swift in Sources */ = {isa = PBXBuildFile; fileRef = ED58E0B52B0B46820017F8F8 /* Swift_StoryBoardUITests.swift */; };
		ED58E0B82B0B46820017F8F8 /* Swift_StoryBoardUITestsLaunchTests.swift in Sources */ = {isa = PBXBuildFile; fileRef = ED58E0B72B0B46820017F8F8 /* Swift_StoryBoardUITestsLaunchTests.swift */; };
/* End PBXBuildFile section */

/* Begin PBXContainerItemProxy section */
		ED58E0A82B0B46820017F8F8 /* PBXContainerItemProxy */ = {
			isa = PBXContainerItemProxy;
			containerPortal = ED58E0892B0B46800017F8F8 /* Project object */;
			proxyType = 1;
			remoteGlobalIDString = ED58E0902B0B46800017F8F8;
			remoteInfo = Swift_StoryBoard;
		};
		ED58E0B22B0B46820017F8F8 /* PBXContainerItemProxy */ = {
			isa = PBXContainerItemProxy;
			containerPortal = ED58E0892B0B46800017F8F8 /* Project object */;
			proxyType = 1;
			remoteGlobalIDString = ED58E0902B0B46800017F8F8;
			remoteInfo = Swift_StoryBoard;
		};
/* End PBXContainerItemProxy section */

/* Begin PBXFileReference section */
		ED58E0912B0B46800017F8F8 /* Swift_StoryBoard.app */ = {isa = PBXFileReference; explicitFileType = wrapper.application; includeInIndex = 0; path = Swift_StoryBoard.app; sourceTree = BUILT_PRODUCTS_DIR; };
		ED58E0942B0B46800017F8F8 /* AppDelegate.swift */ = {isa = PBXFileReference; lastKnownFileType = sourcecode.swift; path = AppDelegate.swift; sourceTree = "<group>"; };
		ED58E0962B0B46800017F8F8 /* SceneDelegate.swift */ = {isa = PBXFileReference; lastKnownFileType = sourcecode.swift; path = SceneDelegate.swift; sourceTree = "<group>"; };
		ED58E0982B0B46800017F8F8 /* ViewController.swift */ = {isa = PBXFileReference; lastKnownFileType = sourcecode.swift; path = ViewController.swift; sourceTree = "<group>"; };
		ED58E09B2B0B46800017F8F8 /* Base */ = {isa = PBXFileReference; lastKnownFileType = file.storyboard; name = Base; path = Base.lproj/Main.storyboard; sourceTree = "<group>"; };
		ED58E09D2B0B46820017F8F8 /* Assets.xcassets */ = {isa = PBXFileReference; lastKnownFileType = folder.assetcatalog; path = Assets.xcassets; sourceTree = "<group>"; };
		ED58E0A02B0B46820017F8F8 /* Base */ = {isa = PBXFileReference; lastKnownFileType = file.storyboard; name = Base; path = Base.lproj/LaunchScreen.storyboard; sourceTree = "<group>"; };
		ED58E0A22B0B46820017F8F8 /* Info.plist */ = {isa = PBXFileReference; lastKnownFileType = text.plist.xml; path = Info.plist; sourceTree = "<group>"; };
		ED58E0A72B0B46820017F8F8 /* Swift_StoryBoardTests.xctest */ = {isa = PBXFileReference; explicitFileType = wrapper.cfbundle; includeInIndex = 0; path = Swift_StoryBoardTests.xctest; sourceTree = BUILT_PRODUCTS_DIR; };
		ED58E0AB2B0B46820017F8F8 /* Swift_StoryBoardTests.swift */ = {isa = PBXFileReference; lastKnownFileType = sourcecode.swift; path = Swift_StoryBoardTests.swift; sourceTree = "<group>"; };
		ED58E0B12B0B46820017F8F8 /* Swift_StoryBoardUITests.xctest */ = {isa = PBXFileReference; explicitFileType = wrapper.cfbundle; includeInIndex = 0; path = Swift_StoryBoardUITests.xctest; sourceTree = BUILT_PRODUCTS_DIR; };
		ED58E0B52B0B46820017F8F8 /* Swift_StoryBoardUITests.swift */ = {isa = PBXFileReference; lastKnownFileType = sourcecode.swift; path = Swift_StoryBoardUITests.swift; sourceTree = "<group>"; };
		ED58E0B72B0B46820017F8F8 /* Swift_StoryBoardUITestsLaunchTests.swift */ = {isa = PBXFileReference; lastKnownFileType = sourcecode.swift; path = Swift_StoryBoardUITestsLaunchTests.swift; sourceTree = "<group>"; };
/* End PBXFileReference section */

/* Begin PBXFrameworksBuildPhase section */
		ED58E08E2B0B46800017F8F8 /* Frameworks */ = {
			isa = PBXFrameworksBuildPhase;
			buildActionMask = 2147483647;
			files = (
			);
			runOnlyForDeploymentPostprocessing = 0;
		};
		ED58E0A42B0B46820017F8F8 /* Frameworks */ = {
			isa = PBXFrameworksBuildPhase;
			buildActionMask = 2147483647;
			files = (
			);
			runOnlyForDeploymentPostprocessing = 0;
		};
		ED58E0AE2B0B46820017F8F8 /* Frameworks */ = {
			isa = PBXFrameworksBuildPhase;
			buildActionMask = 2147483647;
			files = (
			);
			runOnlyForDeploymentPostprocessing = 0;
		};
/* End PBXFrameworksBuildPhase section */

/* Begin PBXGroup section */
		ED58E0882B0B46800017F8F8 = {
			isa = PBXGroup;
			children = (
				ED58E0932B0B46800017F8F8 /* Swift_StoryBoard */,
				ED58E0AA2B0B46820017F8F8 /* Swift_StoryBoardTests */,
				ED58E0B42B0B46820017F8F8 /* Swift_StoryBoardUITests */,
				ED58E0922B0B46800017F8F8 /* Products */,
			);
			sourceTree = "<group>";
		};
		ED58E0922B0B46800017F8F8 /* Products */ = {
			isa = PBXGroup;
			children = (
				ED58E0912B0B46800017F8F8 /* Swift_StoryBoard.app */,
				ED58E0A72B0B46820017F8F8 /* Swift_StoryBoardTests.xctest */,
				ED58E0B12B0B46820017F8F8 /* Swift_StoryBoardUITests.xctest */,
			);
			name = Products;
			sourceTree = "<group>";
		};
		ED58E0932B0B46800017F8F8 /* Swift_StoryBoard */ = {
			isa = PBXGroup;
			children = (
				ED58E0942B0B46800017F8F8 /* AppDelegate.swift */,
				ED58E0962B0B46800017F8F8 /* SceneDelegate.swift */,
				ED58E0982B0B46800017F8F8 /* ViewController.swift */,
				ED58E09A2B0B46800017F8F8 /* Main.storyboard */,
				ED58E09D2B0B46820017F8F8 /* Assets.xcassets */,
				ED58E09F2B0B46820017F8F8 /* LaunchScreen.storyboard */,
				ED58E0A22B0B46820017F8F8 /* Info.plist */,
			);
			path = Swift_StoryBoard;
			sourceTree = "<group>";
		};
		ED58E0AA2B0B46820017F8F8 /* Swift_StoryBoardTests */ = {
			isa = PBXGroup;
			children = (
				ED58E0AB2B0B46820017F8F8 /* Swift_StoryBoardTests.swift */,
			);
			path = Swift_StoryBoardTests;
			sourceTree = "<group>";
		};
		ED58E0B42B0B46820017F8F8 /* Swift_StoryBoardUITests */ = {
			isa = PBXGroup;
			children = (
				ED58E0B52B0B46820017F8F8 /* Swift_StoryBoardUITests.swift */,
				ED58E0B72B0B46820017F8F8 /* Swift_StoryBoardUITestsLaunchTests.swift */,
			);
			path = Swift_StoryBoardUITests;
			sourceTree = "<group>";
		};
/* End PBXGroup section */

/* Begin PBXNativeTarget section */
		ED58E0902B0B46800017F8F8 /* Swift_StoryBoard */ = {
			isa = PBXNativeTarget;
			buildConfigurationList = ED58E0BB2B0B46820017F8F8 /* Build configuration list for PBXNativeTarget "Swift_StoryBoard" */;
			buildPhases = (
				ED58E08D2B0B46800017F8F8 /* Sources */,
				ED58E08E2B0B46800017F8F8 /* Frameworks */,
				ED58E08F2B0B46800017F8F8 /* Resources */,
			);
			buildRules = (
			);
			dependencies = (
			);
			name = Swift_StoryBoard;
			productName = Swift_StoryBoard;
			productReference = ED58E0912B0B46800017F8F8 /* Swift_StoryBoard.app */;
			productType = "com.apple.product-type.application";
		};
		ED58E0A62B0B46820017F8F8 /* Swift_StoryBoardTests */ = {
			isa = PBXNativeTarget;
			buildConfigurationList = ED58E0BE2B0B46820017F8F8 /* Build configuration list for PBXNativeTarget "Swift_StoryBoardTests" */;
			buildPhases = (
				ED58E0A32B0B46820017F8F8 /* Sources */,
				ED58E0A42B0B46820017F8F8 /* Frameworks */,
				ED58E0A52B0B46820017F8F8 /* Resources */,
			);
			buildRules = (
			);
			dependencies = (
				ED58E0A92B0B46820017F8F8 /* PBXTargetDependency */,
			);
			name = Swift_StoryBoardTests;
			productName = Swift_StoryBoardTests;
			productReference = ED58E0A72B0B46820017F8F8 /* Swift_StoryBoardTests.xctest */;
			productType = "com.apple.product-type.bundle.unit-test";
		};
		ED58E0B02B0B46820017F8F8 /* Swift_StoryBoardUITests */ = {
			isa = PBXNativeTarget;
			buildConfigurationList = ED58E0C12B0B46820017F8F8 /* Build configuration list for PBXNativeTarget "Swift_StoryBoardUITests" */;
			buildPhases = (
				ED58E0AD2B0B46820017F8F8 /* Sources */,
				ED58E0AE2B0B46820017F8F8 /* Frameworks */,
				ED58E0AF2B0B46820017F8F8 /* Resources */,
			);
			buildRules = (
			);
			dependencies = (
				ED58E0B32B0B46820017F8F8 /* PBXTargetDependency */,
			);
			name = Swift_StoryBoardUITests;
			productName = Swift_StoryBoardUITests;
			productReference = ED58E0B12B0B46820017F8F8 /* Swift_StoryBoardUITests.xctest */;
			productType = "com.apple.product-type.bundle.ui-testing";
		};
/* End PBXNativeTarget section */

/* Begin PBXProject section */
		ED58E0892B0B46800017F8F8 /* Project object */ = {
			isa = PBXProject;
			attributes = {
				BuildIndependentTargetsInParallel = 1;
				LastSwiftUpdateCheck = 1500;
				LastUpgradeCheck = 1500;
				TargetAttributes = {
					ED58E0902B0B46800017F8F8 = {
						CreatedOnToolsVersion = 15.0.1;
					};
					ED58E0A62B0B46820017F8F8 = {
						CreatedOnToolsVersion = 15.0.1;
						TestTargetID = ED58E0902B0B46800017F8F8;
					};
					ED58E0B02B0B46820017F8F8 = {
						CreatedOnToolsVersion = 15.0.1;
						TestTargetID = ED58E0902B0B46800017F8F8;
					};
				};
			};
			buildConfigurationList = ED58E08C2B0B46800017F8F8 /* Build configuration list for PBXProject "Swift_StoryBoard" */;
			compatibilityVersion = "Xcode 14.0";
			developmentRegion = en;
			hasScannedForEncodings = 0;
			knownRegions = (
				en,
				Base,
			);
			mainGroup = ED58E0882B0B46800017F8F8;
			productRefGroup = ED58E0922B0B46800017F8F8 /* Products */;
			projectDirPath = "";
			projectRoot = "";
			targets = (
				ED58E0902B0B46800017F8F8 /* Swift_StoryBoard */,
				ED58E0A62B0B46820017F8F8 /* Swift_StoryBoardTests */,
				ED58E0B02B0B46820017F8F8 /* Swift_StoryBoardUITests */,
			);
		};
/* End PBXProject section */

/* Begin PBXResourcesBuildPhase section */
		ED58E08F2B0B46800017F8F8 /* Resources */ = {
			isa = PBXResourcesBuildPhase;
			buildActionMask = 2147483647;
			files = (
				ED58E0A12B0B46820017F8F8 /* LaunchScreen.storyboard in Resources */,
				ED58E09E2B0B46820017F8F8 /* Assets.xcassets in Resources */,
				ED58E09C2B0B46800017F8F8 /* Main.storyboard in Resources */,
			);
			runOnlyForDeploymentPostprocessing = 0;
		};
		ED58E0A52B0B46820017F8F8 /* Resources */ = {
			isa = PBXResourcesBuildPhase;
			buildActionMask = 2147483647;
			files = (
			);
			runOnlyForDeploymentPostprocessing = 0;
		};
		ED58E0AF2B0B46820017F8F8 /* Resources */ = {
			isa = PBXResourcesBuildPhase;
			buildActionMask = 2147483647;
			files = (
			);
			runOnlyForDeploymentPostprocessing = 0;
		};
/* End PBXResourcesBuildPhase section */

/* Begin PBXSourcesBuildPhase section */
		ED58E08D2B0B46800017F8F8 /* Sources */ = {
			isa = PBXSourcesBuildPhase;
			buildActionMask = 2147483647;
			files = (
				ED58E0992B0B46800017F8F8 /* ViewController.swift in Sources */,
				ED58E0952B0B46800017F8F8 /* AppDelegate.swift in Sources */,
				ED58E0972B0B46800017F8F8 /* SceneDelegate.swift in Sources */,
			);
			runOnlyForDeploymentPostprocessing = 0;
		};
		ED58E0A32B0B46820017F8F8 /* Sources */ = {
			isa = PBXSourcesBuildPhase;
			buildActionMask = 2147483647;
			files = (
				ED58E0AC2B0B46820017F8F8 /* Swift_StoryBoardTests.swift in Sources */,
			);
			runOnlyForDeploymentPostprocessing = 0;
		};
		ED58E0AD2B0B46820017F8F8 /* Sources */ = {
			isa = PBXSourcesBuildPhase;
			buildActionMask = 2147483647;
			files = (
				ED58E0B62B0B46820017F8F8 /* Swift_StoryBoardUITests.swift in Sources */,
				ED58E0B82B0B46820017F8F8 /* Swift_StoryBoardUITestsLaunchTests.swift in Sources */,
			);
			runOnlyForDeploymentPostprocessing = 0;
		};
/* End PBXSourcesBuildPhase section */

/* Begin PBXTargetDependency section */
		ED58E0A92B0B46820017F8F8 /* PBXTargetDependency */ = {
			isa = PBXTargetDependency;
			target = ED58E0902B0B46800017F8F8 /* Swift_StoryBoard */;
			targetProxy = ED58E0A82B0B46820017F8F8 /* PBXContainerItemProxy */;
		};
		ED58E0B32B0B46820017F8F8 /* PBXTargetDependency */ = {
			isa = PBXTargetDependency;
			target = ED58E0902B0B46800017F8F8 /* Swift_StoryBoard */;
			targetProxy = ED58E0B22B0B46820017F8F8 /* PBXContainerItemProxy */;
		};
/* End PBXTargetDependency section */

/* Begin PBXVariantGroup section */
		ED58E09A2B0B46800017F8F8 /* Main.storyboard */ = {
			isa = PBXVariantGroup;
			children = (
				ED58E09B2B0B46800017F8F8 /* Base */,
			);
			name = Main.storyboard;
			sourceTree = "<group>";
		};
		ED58E09F2B0B46820017F8F8 /* LaunchScreen.storyboard */ = {
			isa = PBXVariantGroup;
			children = (
				ED58E0A02B0B46820017F8F8 /* Base */,
			);
			name = LaunchScreen.storyboard;
			sourceTree = "<group>";
		};
/* End PBXVariantGroup section */

/* Begin XCBuildConfiguration section */
		ED58E0B92B0B46820017F8F8 /* Debug */ = {
			isa = XCBuildConfiguration;
			buildSettings = {
				ALWAYS_SEARCH_USER_PATHS = NO;
				ASSETCATALOG_COMPILER_GENERATE_SWIFT_ASSET_SYMBOL_EXTENSIONS = YES;
				CLANG_ANALYZER_NONNULL = YES;
				CLANG_ANALYZER_NUMBER_OBJECT_CONVERSION = YES_AGGRESSIVE;
				CLANG_CXX_LANGUAGE_STANDARD = "gnu++20";
				CLANG_ENABLE_MODULES = YES;
				CLANG_ENABLE_OBJC_ARC = YES;
				CLANG_ENABLE_OBJC_WEAK = YES;
				CLANG_WARN_BLOCK_CAPTURE_AUTORELEASING = YES;
				CLANG_WARN_BOOL_CONVERSION = YES;
				CLANG_WARN_COMMA = YES;
				CLANG_WARN_CONSTANT_CONVERSION = YES;
				CLANG_WARN_DEPRECATED_OBJC_IMPLEMENTATIONS = YES;
				CLANG_WARN_DIRECT_OBJC_ISA_USAGE = YES_ERROR;
				CLANG_WARN_DOCUMENTATION_COMMENTS = YES;
				CLANG_WARN_EMPTY_BODY = YES;
				CLANG_WARN_ENUM_CONVERSION = YES;
				CLANG_WARN_INFINITE_RECURSION = YES;
				CLANG_WARN_INT_CONVERSION = YES;
				CLANG_WARN_NON_LITERAL_NULL_CONVERSION = YES;
				CLANG_WARN_OBJC_IMPLICIT_RETAIN_SELF = YES;
				CLANG_WARN_OBJC_LITERAL_CONVERSION = YES;
				CLANG_WARN_OBJC_ROOT_CLASS = YES_ERROR;
				CLANG_WARN_QUOTED_INCLUDE_IN_FRAMEWORK_HEADER = YES;
				CLANG_WARN_RANGE_LOOP_ANALYSIS = YES;
				CLANG_WARN_STRICT_PROTOTYPES = YES;
				CLANG_WARN_SUSPICIOUS_MOVE = YES;
				CLANG_WARN_UNGUARDED_AVAILABILITY = YES_AGGRESSIVE;
				CLANG_WARN_UNREACHABLE_CODE = YES;
				CLANG_WARN__DUPLICATE_METHOD_MATCH = YES;
				COPY_PHASE_STRIP = NO;
				DEBUG_INFORMATION_FORMAT = dwarf;
				ENABLE_STRICT_OBJC_MSGSEND = YES;
				ENABLE_TESTABILITY = YES;
				ENABLE_USER_SCRIPT_SANDBOXING = YES;
				GCC_C_LANGUAGE_STANDARD = gnu17;
				GCC_DYNAMIC_NO_PIC = NO;
				GCC_NO_COMMON_BLOCKS = YES;
				GCC_OPTIMIZATION_LEVEL = 0;
				GCC_PREPROCESSOR_DEFINITIONS = (
					"DEBUG=1",
					"$(inherited)",
				);
				GCC_WARN_64_TO_32_BIT_CONVERSION = YES;
				GCC_WARN_ABOUT_RETURN_TYPE = YES_ERROR;
				GCC_WARN_UNDECLARED_SELECTOR = YES;
				GCC_WARN_UNINITIALIZED_AUTOS = YES_AGGRESSIVE;
				GCC_WARN_UNUSED_FUNCTION = YES;
				GCC_WARN_UNUSED_VARIABLE = YES;
				IPHONEOS_DEPLOYMENT_TARGET = 17.0;
				LOCALIZATION_PREFERS_STRING_CATALOGS = YES;
				MTL_ENABLE_DEBUG_INFO = INCLUDE_SOURCE;
				MTL_FAST_MATH = YES;
				ONLY_ACTIVE_ARCH = YES;
				SDKROOT = iphoneos;
				SWIFT_ACTIVE_COMPILATION_CONDITIONS = "DEBUG $(inherited)";
				SWIFT_OPTIMIZATION_LEVEL = "-Onone";
			};
			name = Debug;
		};
		ED58E0BA2B0B46820017F8F8 /* Release */ = {
			isa = XCBuildConfiguration;
			buildSettings = {
				ALWAYS_SEARCH_USER_PATHS = NO;
				ASSETCATALOG_COMPILER_GENERATE_SWIFT_ASSET_SYMBOL_EXTENSIONS = YES;
				CLANG_ANALYZER_NONNULL = YES;
				CLANG_ANALYZER_NUMBER_OBJECT_CONVERSION = YES_AGGRESSIVE;
				CLANG_CXX_LANGUAGE_STANDARD = "gnu++20";
				CLANG_ENABLE_MODULES = YES;
				CLANG_ENABLE_OBJC_ARC = YES;
				CLANG_ENABLE_OBJC_WEAK = YES;
				CLANG_WARN_BLOCK_CAPTURE_AUTORELEASING = YES;
				CLANG_WARN_BOOL_CONVERSION = YES;
				CLANG_WARN_COMMA = YES;
				CLANG_WARN_CONSTANT_CONVERSION = YES;
				CLANG_WARN_DEPRECATED_OBJC_IMPLEMENTATIONS = YES;
				CLANG_WARN_DIRECT_OBJC_ISA_USAGE = YES_ERROR;
				CLANG_WARN_DOCUMENTATION_COMMENTS = YES;
				CLANG_WARN_EMPTY_BODY = YES;
				CLANG_WARN_ENUM_CONVERSION = YES;
				CLANG_WARN_INFINITE_RECURSION = YES;
				CLANG_WARN_INT_CONVERSION = YES;
				CLANG_WARN_NON_LITERAL_NULL_CONVERSION = YES;
				CLANG_WARN_OBJC_IMPLICIT_RETAIN_SELF = YES;
				CLANG_WARN_OBJC_LITERAL_CONVERSION = YES;
				CLANG_WARN_OBJC_ROOT_CLASS = YES_ERROR;
				CLANG_WARN_QUOTED_INCLUDE_IN_FRAMEWORK_HEADER = YES;
				CLANG_WARN_RANGE_LOOP_ANALYSIS = YES;
				CLANG_WARN_STRICT_PROTOTYPES = YES;
				CLANG_WARN_SUSPICIOUS_MOVE = YES;
				CLANG_WARN_UNGUARDED_AVAILABILITY = YES_AGGRESSIVE;
				CLANG_WARN_UNREACHABLE_CODE = YES;
				CLANG_WARN__DUPLICATE_METHOD_MATCH = YES;
				COPY_PHASE_STRIP = NO;
				DEBUG_INFORMATION_FORMAT = "dwarf-with-dsym";
				ENABLE_NS_ASSERTIONS = NO;
				ENABLE_STRICT_OBJC_MSGSEND = YES;
				ENABLE_USER_SCRIPT_SANDBOXING = YES;
				GCC_C_LANGUAGE_STANDARD = gnu17;
				GCC_NO_COMMON_BLOCKS = YES;
				GCC_WARN_64_TO_32_BIT_CONVERSION = YES;
				GCC_WARN_ABOUT_RETURN_TYPE = YES_ERROR;
				GCC_WARN_UNDECLARED_SELECTOR = YES;
				GCC_WARN_UNINITIALIZED_AUTOS = YES_AGGRESSIVE;
				GCC_WARN_UNUSED_FUNCTION = YES;
				GCC_WARN_UNUSED_VARIABLE = YES;
				IPHONEOS_DEPLOYMENT_TARGET = 17.0;
				LOCALIZATION_PREFERS_STRING_CATALOGS = YES;
				MTL_ENABLE_DEBUG_INFO = NO;
				MTL_FAST_MATH = YES;
				SDKROOT = iphoneos;
				SWIFT_COMPILATION_MODE = wholemodule;
				VALIDATE_PRODUCT = YES;
			};
			name = Release;
		};
		ED58E0BC2B0B46820017F8F8 /* Debug */ = {
			isa = XCBuildConfiguration;
			buildSettings = {
				ASSETCATALOG_COMPILER_APPICON_NAME = AppIcon;
				ASSETCATALOG_COMPILER_GLOBAL_ACCENT_COLOR_NAME = AccentColor;
				CODE_SIGN_STYLE = Automatic;
				CURRENT_PROJECT_VERSION = 1;
				DEVELOPMENT_TEAM = 5X6JDKHZC6;
				GENERATE_INFOPLIST_FILE = YES;
				INFOPLIST_FILE = Swift_StoryBoard/Info.plist;
				INFOPLIST_KEY_UIApplicationSupportsIndirectInputEvents = YES;
				INFOPLIST_KEY_UILaunchStoryboardName = LaunchScreen;
				INFOPLIST_KEY_UIMainStoryboardFile = Main;
				INFOPLIST_KEY_UISupportedInterfaceOrientations_iPad = "UIInterfaceOrientationPortrait UIInterfaceOrientationPortraitUpsideDown UIInterfaceOrientationLandscapeLeft UIInterfaceOrientationLandscapeRight";
				INFOPLIST_KEY_UISupportedInterfaceOrientations_iPhone = "UIInterfaceOrientationPortrait UIInterfaceOrientationLandscapeLeft UIInterfaceOrientationLandscapeRight";
				LD_RUNPATH_SEARCH_PATHS = (
					"$(inherited)",
					"@executable_path/Frameworks",
				);
				MARKETING_VERSION = 1.0;
				PRODUCT_BUNDLE_IDENTIFIER = "com.joyce.Swift-StoryBoard";
				PRODUCT_NAME = "$(TARGET_NAME)";
				SWIFT_EMIT_LOC_STRINGS = YES;
				SWIFT_VERSION = 5.0;
				TARGETED_DEVICE_FAMILY = "1,2";
			};
			name = Debug;
		};
		ED58E0BD2B0B46820017F8F8 /* Release */ = {
			isa = XCBuildConfiguration;
			buildSettings = {
				ASSETCATALOG_COMPILER_APPICON_NAME = AppIcon;
				ASSETCATALOG_COMPILER_GLOBAL_ACCENT_COLOR_NAME = AccentColor;
				CODE_SIGN_STYLE = Automatic;
				CURRENT_PROJECT_VERSION = 1;
				DEVELOPMENT_TEAM = 5X6JDKHZC6;
				GENERATE_INFOPLIST_FILE = YES;
				INFOPLIST_FILE = Swift_StoryBoard/Info.plist;
				INFOPLIST_KEY_UIApplicationSupportsIndirectInputEvents = YES;
				INFOPLIST_KEY_UILaunchStoryboardName = LaunchScreen;
				INFOPLIST_KEY_UIMainStoryboardFile = Main;
				INFOPLIST_KEY_UISupportedInterfaceOrientations_iPad = "UIInterfaceOrientationPortrait UIInterfaceOrientationPortraitUpsideDown UIInterfaceOrientationLandscapeLeft UIInterfaceOrientationLandscapeRight";
				INFOPLIST_KEY_UISupportedInterfaceOrientations_iPhone = "UIInterfaceOrientationPortrait UIInterfaceOrientationLandscapeLeft UIInterfaceOrientationLandscapeRight";
				LD_RUNPATH_SEARCH_PATHS = (
					"$(inherited)",
					"@executable_path/Frameworks",
				);
				MARKETING_VERSION = 1.0;
				PRODUCT_BUNDLE_IDENTIFIER = "com.joyce.Swift-StoryBoard";
				PRODUCT_NAME = "$(TARGET_NAME)";
				SWIFT_EMIT_LOC_STRINGS = YES;
				SWIFT_VERSION = 5.0;
				TARGETED_DEVICE_FAMILY = "1,2";
			};
			name = Release;
		};
		ED58E0BF2B0B46820017F8F8 /* Debug */ = {
			isa = XCBuildConfiguration;
			buildSettings = {
				ALWAYS_EMBED_SWIFT_STANDARD_LIBRARIES = YES;
				BUNDLE_LOADER = "$(TEST_HOST)";
				CODE_SIGN_STYLE = Automatic;
				CURRENT_PROJECT_VERSION = 1;
				DEVELOPMENT_TEAM = 5X6JDKHZC6;
				GENERATE_INFOPLIST_FILE = YES;
				IPHONEOS_DEPLOYMENT_TARGET = 17.0;
				MARKETING_VERSION = 1.0;
				PRODUCT_BUNDLE_IDENTIFIER = "com.joyce.Swift-StoryBoardTests";
				PRODUCT_NAME = "$(TARGET_NAME)";
				SWIFT_EMIT_LOC_STRINGS = NO;
				SWIFT_VERSION = 5.0;
				TARGETED_DEVICE_FAMILY = "1,2";
				TEST_HOST = "$(BUILT_PRODUCTS_DIR)/Swift_StoryBoard.app/$(BUNDLE_EXECUTABLE_FOLDER_PATH)/Swift_StoryBoard";
			};
			name = Debug;
		};
		ED58E0C02B0B46820017F8F8 /* Release */ = {
			isa = XCBuildConfiguration;
			buildSettings = {
				ALWAYS_EMBED_SWIFT_STANDARD_LIBRARIES = YES;
				BUNDLE_LOADER = "$(TEST_HOST)";
				CODE_SIGN_STYLE = Automatic;
				CURRENT_PROJECT_VERSION = 1;
				DEVELOPMENT_TEAM = 5X6JDKHZC6;
				GENERATE_INFOPLIST_FILE = YES;
				IPHONEOS_DEPLOYMENT_TARGET = 17.0;
				MARKETING_VERSION = 1.0;
				PRODUCT_BUNDLE_IDENTIFIER = "com.joyce.Swift-StoryBoardTests";
				PRODUCT_NAME = "$(TARGET_NAME)";
				SWIFT_EMIT_LOC_STRINGS = NO;
				SWIFT_VERSION = 5.0;
				TARGETED_DEVICE_FAMILY = "1,2";
				TEST_HOST = "$(BUILT_PRODUCTS_DIR)/Swift_StoryBoard.app/$(BUNDLE_EXECUTABLE_FOLDER_PATH)/Swift_StoryBoard";
			};
			name = Release;
		};
		ED58E0C22B0B46820017F8F8 /* Debug */ = {
			isa = XCBuildConfiguration;
			buildSettings = {
				ALWAYS_EMBED_SWIFT_STANDARD_LIBRARIES = YES;
				CODE_SIGN_STYLE = Automatic;
				CURRENT_PROJECT_VERSION = 1;
				DEVELOPMENT_TEAM = 5X6JDKHZC6;
				GENERATE_INFOPLIST_FILE = YES;
				MARKETING_VERSION = 1.0;
				PRODUCT_BUNDLE_IDENTIFIER = "com.joyce.Swift-StoryBoardUITests";
				PRODUCT_NAME = "$(TARGET_NAME)";
				SWIFT_EMIT_LOC_STRINGS = NO;
				SWIFT_VERSION = 5.0;
				TARGETED_DEVICE_FAMILY = "1,2";
				TEST_TARGET_NAME = Swift_StoryBoard;
			};
			name = Debug;
		};
		ED58E0C32B0B46820017F8F8 /* Release */ = {
			isa = XCBuildConfiguration;
			buildSettings = {
				ALWAYS_EMBED_SWIFT_STANDARD_LIBRARIES = YES;
				CODE_SIGN_STYLE = Automatic;
				CURRENT_PROJECT_VERSION = 1;
				DEVELOPMENT_TEAM = 5X6JDKHZC6;
				GENERATE_INFOPLIST_FILE = YES;
				MARKETING_VERSION = 1.0;
				PRODUCT_BUNDLE_IDENTIFIER = "com.joyce.Swift-StoryBoardUITests";
				PRODUCT_NAME = "$(TARGET_NAME)";
				SWIFT_EMIT_LOC_STRINGS = NO;
				SWIFT_VERSION = 5.0;
				TARGETED_DEVICE_FAMILY = "1,2";
				TEST_TARGET_NAME = Swift_StoryBoard;
			};
			name = Release;
		};
/* End XCBuildConfiguration section */

/* Begin XCConfigurationList section */
		ED58E08C2B0B46800017F8F8 /* Build configuration list for PBXProject "Swift_StoryBoard" */ = {
			isa = XCConfigurationList;
			buildConfigurations = (
				ED58E0B92B0B46820017F8F8 /* Debug */,
				ED58E0BA2B0B46820017F8F8 /* Release */,
			);
			defaultConfigurationIsVisible = 0;
			defaultConfigurationName = Release;
		};
		ED58E0BB2B0B46820017F8F8 /* Build configuration list for PBXNativeTarget "Swift_StoryBoard" */ = {
			isa = XCConfigurationList;
			buildConfigurations = (
				ED58E0BC2B0B46820017F8F8 /* Debug */,
				ED58E0BD2B0B46820017F8F8 /* Release */,
			);
			defaultConfigurationIsVisible = 0;
			defaultConfigurationName = Release;
		};
		ED58E0BE2B0B46820017F8F8 /* Build configuration list for PBXNativeTarget "Swift_StoryBoardTests" */ = {
			isa = XCConfigurationList;
			buildConfigurations = (
				ED58E0BF2B0B46820017F8F8 /* Debug */,
				ED58E0C02B0B46820017F8F8 /* Release */,
			);
			defaultConfigurationIsVisible = 0;
			defaultConfigurationName = Release;
		};
		ED58E0C12B0B46820017F8F8 /* Build configuration list for PBXNativeTarget "Swift_StoryBoardUITests" */ = {
			isa = XCConfigurationList;
			buildConfigurations = (
				ED58E0C22B0B46820017F8F8 /* Debug */,
				ED58E0C32B0B46820017F8F8 /* Release */,
			);
			defaultConfigurationIsVisible = 0;
			defaultConfigurationName = Release;
		};
/* End XCConfigurationList section */
	};
	rootObject = ED58E0892B0B46800017F8F8 /* Project object */;
}
