// !$*UTF8*$!
{
	archiveVersion = 1;
	classes = {
	};
	objectVersion = 56;
	objects = {

/* Begin PBXBuildFile section */
		ED5DF3D72B0CA22E0061B4A1 /* Tp_FinalApp.swift in Sources */ = {isa = PBXBuildFile; fileRef = ED5DF3D62B0CA22E0061B4A1 /* Tp_FinalApp.swift */; };
		ED5DF3DB2B0CA2300061B4A1 /* Assets.xcassets in Resources */ = {isa = PBXBuildFile; fileRef = ED5DF3DA2B0CA2300061B4A1 /* Assets.xcassets */; };
		ED5DF3DE2B0CA2300061B4A1 /* Preview Assets.xcassets in Resources */ = {isa = PBXBuildFile; fileRef = ED5DF3DD2B0CA2300061B4A1 /* Preview Assets.xcassets */; };
		ED5DF3E82B0CA2300061B4A1 /* Tp_FinalTests.swift in Sources */ = {isa = PBXBuildFile; fileRef = ED5DF3E72B0CA2300061B4A1 /* Tp_FinalTests.swift */; };
		ED5DF3F22B0CA2300061B4A1 /* Tp_FinalUITests.swift in Sources */ = {isa = PBXBuildFile; fileRef = ED5DF3F12B0CA2300061B4A1 /* Tp_FinalUITests.swift */; };
		ED5DF3F42B0CA2300061B4A1 /* Tp_FinalUITestsLaunchTests.swift in Sources */ = {isa = PBXBuildFile; fileRef = ED5DF3F32B0CA2300061B4A1 /* Tp_FinalUITestsLaunchTests.swift */; };
		ED5DF4082B0CA2DC0061B4A1 /* ConnectionView.swift in Sources */ = {isa = PBXBuildFile; fileRef = ED5DF4012B0CA2DC0061B4A1 /* ConnectionView.swift */; };
		ED5DF40B2B0CA2DC0061B4A1 /* ImagePicker.swift in Sources */ = {isa = PBXBuildFile; fileRef = ED5DF4042B0CA2DC0061B4A1 /* ImagePicker.swift */; };
		ED5DF4112B0CA4100061B4A1 /* PeripheralView.swift in Sources */ = {isa = PBXBuildFile; fileRef = ED5DF4102B0CA4100061B4A1 /* PeripheralView.swift */; };
		ED5DF4192B0CA6930061B4A1 /* BLEManager.swift in Sources */ = {isa = PBXBuildFile; fileRef = ED5DF4132B0CA6930061B4A1 /* BLEManager.swift */; };
		ED5DF41A2B0CA6930061B4A1 /* Connection.swift in Sources */ = {isa = PBXBuildFile; fileRef = ED5DF4142B0CA6930061B4A1 /* Connection.swift */; };
		ED5DF41B2B0CA6930061B4A1 /* Message.swift in Sources */ = {isa = PBXBuildFile; fileRef = ED5DF4152B0CA6930061B4A1 /* Message.swift */; };
		ED5DF41C2B0CA6930061B4A1 /* Peripheral.swift in Sources */ = {isa = PBXBuildFile; fileRef = ED5DF4162B0CA6930061B4A1 /* Peripheral.swift */; };
		ED5DF41D2B0CA6930061B4A1 /* Utilities.swift in Sources */ = {isa = PBXBuildFile; fileRef = ED5DF4172B0CA6930061B4A1 /* Utilities.swift */; };
		ED5DF41E2B0CA6930061B4A1 /* DataBytesManager.swift in Sources */ = {isa = PBXBuildFile; fileRef = ED5DF4182B0CA6930061B4A1 /* DataBytesManager.swift */; };
		ED5DF4202B0CACF30061B4A1 /* SelectView.swift in Sources */ = {isa = PBXBuildFile; fileRef = ED5DF41F2B0CACF30061B4A1 /* SelectView.swift */; };
		ED5DF4222B0CB2250061B4A1 /* GraphView.swift in Sources */ = {isa = PBXBuildFile; fileRef = ED5DF4212B0CB2250061B4A1 /* GraphView.swift */; };
		ED5DF4242B0CB2370061B4A1 /* CitiesView.swift in Sources */ = {isa = PBXBuildFile; fileRef = ED5DF4232B0CB2370061B4A1 /* CitiesView.swift */; };
		ED5DF4262B0CB2480061B4A1 /* ImageRecoView.swift in Sources */ = {isa = PBXBuildFile; fileRef = ED5DF4252B0CB2480061B4A1 /* ImageRecoView.swift */; };
		ED5DF4282B0CD6980061B4A1 /* MapView.swift in Sources */ = {isa = PBXBuildFile; fileRef = ED5DF4272B0CD6980061B4A1 /* MapView.swift */; };
/* End PBXBuildFile section */

/* Begin PBXContainerItemProxy section */
		ED5DF3E42B0CA2300061B4A1 /* PBXContainerItemProxy */ = {
			isa = PBXContainerItemProxy;
			containerPortal = ED5DF3CB2B0CA22E0061B4A1 /* Project object */;
			proxyType = 1;
			remoteGlobalIDString = ED5DF3D22B0CA22E0061B4A1;
			remoteInfo = Tp_Final;
		};
		ED5DF3EE2B0CA2300061B4A1 /* PBXContainerItemProxy */ = {
			isa = PBXContainerItemProxy;
			containerPortal = ED5DF3CB2B0CA22E0061B4A1 /* Project object */;
			proxyType = 1;
			remoteGlobalIDString = ED5DF3D22B0CA22E0061B4A1;
			remoteInfo = Tp_Final;
		};
/* End PBXContainerItemProxy section */

/* Begin PBXFileReference section */
		ED5DF3D32B0CA22E0061B4A1 /* Tp_Final.app */ = {isa = PBXFileReference; explicitFileType = wrapper.application; includeInIndex = 0; path = Tp_Final.app; sourceTree = BUILT_PRODUCTS_DIR; };
		ED5DF3D62B0CA22E0061B4A1 /* Tp_FinalApp.swift */ = {isa = PBXFileReference; lastKnownFileType = sourcecode.swift; path = Tp_FinalApp.swift; sourceTree = "<group>"; };
		ED5DF3DA2B0CA2300061B4A1 /* Assets.xcassets */ = {isa = PBXFileReference; lastKnownFileType = folder.assetcatalog; path = Assets.xcassets; sourceTree = "<group>"; };
		ED5DF3DD2B0CA2300061B4A1 /* Preview Assets.xcassets */ = {isa = PBXFileReference; lastKnownFileType = folder.assetcatalog; path = "Preview Assets.xcassets"; sourceTree = "<group>"; };
		ED5DF3E32B0CA2300061B4A1 /* Tp_FinalTests.xctest */ = {isa = PBXFileReference; explicitFileType = wrapper.cfbundle; includeInIndex = 0; path = Tp_FinalTests.xctest; sourceTree = BUILT_PRODUCTS_DIR; };
		ED5DF3E72B0CA2300061B4A1 /* Tp_FinalTests.swift */ = {isa = PBXFileReference; lastKnownFileType = sourcecode.swift; path = Tp_FinalTests.swift; sourceTree = "<group>"; };
		ED5DF3ED2B0CA2300061B4A1 /* Tp_FinalUITests.xctest */ = {isa = PBXFileReference; explicitFileType = wrapper.cfbundle; includeInIndex = 0; path = Tp_FinalUITests.xctest; sourceTree = BUILT_PRODUCTS_DIR; };
		ED5DF3F12B0CA2300061B4A1 /* Tp_FinalUITests.swift */ = {isa = PBXFileReference; lastKnownFileType = sourcecode.swift; path = Tp_FinalUITests.swift; sourceTree = "<group>"; };
		ED5DF3F32B0CA2300061B4A1 /* Tp_FinalUITestsLaunchTests.swift */ = {isa = PBXFileReference; lastKnownFileType = sourcecode.swift; path = Tp_FinalUITestsLaunchTests.swift; sourceTree = "<group>"; };
		ED5DF4012B0CA2DC0061B4A1 /* ConnectionView.swift */ = {isa = PBXFileReference; fileEncoding = 4; lastKnownFileType = sourcecode.swift; path = ConnectionView.swift; sourceTree = "<group>"; };
		ED5DF4042B0CA2DC0061B4A1 /* ImagePicker.swift */ = {isa = PBXFileReference; fileEncoding = 4; lastKnownFileType = sourcecode.swift; path = ImagePicker.swift; sourceTree = "<group>"; };
		ED5DF4102B0CA4100061B4A1 /* PeripheralView.swift */ = {isa = PBXFileReference; fileEncoding = 4; lastKnownFileType = sourcecode.swift; path = PeripheralView.swift; sourceTree = "<group>"; };
		ED5DF4132B0CA6930061B4A1 /* BLEManager.swift */ = {isa = PBXFileReference; fileEncoding = 4; lastKnownFileType = sourcecode.swift; path = BLEManager.swift; sourceTree = "<group>"; };
		ED5DF4142B0CA6930061B4A1 /* Connection.swift */ = {isa = PBXFileReference; fileEncoding = 4; lastKnownFileType = sourcecode.swift; path = Connection.swift; sourceTree = "<group>"; };
		ED5DF4152B0CA6930061B4A1 /* Message.swift */ = {isa = PBXFileReference; fileEncoding = 4; lastKnownFileType = sourcecode.swift; path = Message.swift; sourceTree = "<group>"; };
		ED5DF4162B0CA6930061B4A1 /* Peripheral.swift */ = {isa = PBXFileReference; fileEncoding = 4; lastKnownFileType = sourcecode.swift; path = Peripheral.swift; sourceTree = "<group>"; };
		ED5DF4172B0CA6930061B4A1 /* Utilities.swift */ = {isa = PBXFileReference; fileEncoding = 4; lastKnownFileType = sourcecode.swift; path = Utilities.swift; sourceTree = "<group>"; };
		ED5DF4182B0CA6930061B4A1 /* DataBytesManager.swift */ = {isa = PBXFileReference; fileEncoding = 4; lastKnownFileType = sourcecode.swift; path = DataBytesManager.swift; sourceTree = "<group>"; };
		ED5DF41F2B0CACF30061B4A1 /* SelectView.swift */ = {isa = PBXFileReference; lastKnownFileType = sourcecode.swift; path = SelectView.swift; sourceTree = "<group>"; };
		ED5DF4212B0CB2250061B4A1 /* GraphView.swift */ = {isa = PBXFileReference; lastKnownFileType = sourcecode.swift; path = GraphView.swift; sourceTree = "<group>"; };
		ED5DF4232B0CB2370061B4A1 /* CitiesView.swift */ = {isa = PBXFileReference; lastKnownFileType = sourcecode.swift; path = CitiesView.swift; sourceTree = "<group>"; };
		ED5DF4252B0CB2480061B4A1 /* ImageRecoView.swift */ = {isa = PBXFileReference; lastKnownFileType = sourcecode.swift; path = ImageRecoView.swift; sourceTree = "<group>"; };
		ED5DF4272B0CD6980061B4A1 /* MapView.swift */ = {isa = PBXFileReference; lastKnownFileType = sourcecode.swift; path = MapView.swift; sourceTree = "<group>"; };
/* End PBXFileReference section */

/* Begin PBXFrameworksBuildPhase section */
		ED5DF3D02B0CA22E0061B4A1 /* Frameworks */ = {
			isa = PBXFrameworksBuildPhase;
			buildActionMask = 2147483647;
			files = (
			);
			runOnlyForDeploymentPostprocessing = 0;
		};
		ED5DF3E02B0CA2300061B4A1 /* Frameworks */ = {
			isa = PBXFrameworksBuildPhase;
			buildActionMask = 2147483647;
			files = (
			);
			runOnlyForDeploymentPostprocessing = 0;
		};
		ED5DF3EA2B0CA2300061B4A1 /* Frameworks */ = {
			isa = PBXFrameworksBuildPhase;
			buildActionMask = 2147483647;
			files = (
			);
			runOnlyForDeploymentPostprocessing = 0;
		};
/* End PBXFrameworksBuildPhase section */

/* Begin PBXGroup section */
		ED5DF3CA2B0CA22E0061B4A1 = {
			isa = PBXGroup;
			children = (
				ED5DF3D52B0CA22E0061B4A1 /* Tp_Final */,
				ED5DF3E62B0CA2300061B4A1 /* Tp_FinalTests */,
				ED5DF3F02B0CA2300061B4A1 /* Tp_FinalUITests */,
				ED5DF3D42B0CA22E0061B4A1 /* Products */,
			);
			sourceTree = "<group>";
		};
		ED5DF3D42B0CA22E0061B4A1 /* Products */ = {
			isa = PBXGroup;
			children = (
				ED5DF3D32B0CA22E0061B4A1 /* Tp_Final.app */,
				ED5DF3E32B0CA2300061B4A1 /* Tp_FinalTests.xctest */,
				ED5DF3ED2B0CA2300061B4A1 /* Tp_FinalUITests.xctest */,
			);
			name = Products;
			sourceTree = "<group>";
		};
		ED5DF3D52B0CA22E0061B4A1 /* Tp_Final */ = {
			isa = PBXGroup;
			children = (
				ED5DF4122B0CA42B0061B4A1 /* Views */,
				ED5DF4132B0CA6930061B4A1 /* BLEManager.swift */,
				ED5DF4142B0CA6930061B4A1 /* Connection.swift */,
				ED5DF4182B0CA6930061B4A1 /* DataBytesManager.swift */,
				ED5DF4152B0CA6930061B4A1 /* Message.swift */,
				ED5DF4162B0CA6930061B4A1 /* Peripheral.swift */,
				ED5DF4172B0CA6930061B4A1 /* Utilities.swift */,
				ED5DF3D62B0CA22E0061B4A1 /* Tp_FinalApp.swift */,
				ED5DF3DA2B0CA2300061B4A1 /* Assets.xcassets */,
				ED5DF3DC2B0CA2300061B4A1 /* Preview Content */,
			);
			path = Tp_Final;
			sourceTree = "<group>";
		};
		ED5DF3DC2B0CA2300061B4A1 /* Preview Content */ = {
			isa = PBXGroup;
			children = (
				ED5DF3DD2B0CA2300061B4A1 /* Preview Assets.xcassets */,
			);
			path = "Preview Content";
			sourceTree = "<group>";
		};
		ED5DF3E62B0CA2300061B4A1 /* Tp_FinalTests */ = {
			isa = PBXGroup;
			children = (
				ED5DF3E72B0CA2300061B4A1 /* Tp_FinalTests.swift */,
			);
			path = Tp_FinalTests;
			sourceTree = "<group>";
		};
		ED5DF3F02B0CA2300061B4A1 /* Tp_FinalUITests */ = {
			isa = PBXGroup;
			children = (
				ED5DF3F12B0CA2300061B4A1 /* Tp_FinalUITests.swift */,
				ED5DF3F32B0CA2300061B4A1 /* Tp_FinalUITestsLaunchTests.swift */,
			);
			path = Tp_FinalUITests;
			sourceTree = "<group>";
		};
		ED5DF4122B0CA42B0061B4A1 /* Views */ = {
			isa = PBXGroup;
			children = (
				ED5DF4102B0CA4100061B4A1 /* PeripheralView.swift */,
				ED5DF4012B0CA2DC0061B4A1 /* ConnectionView.swift */,
				ED5DF4042B0CA2DC0061B4A1 /* ImagePicker.swift */,
				ED5DF41F2B0CACF30061B4A1 /* SelectView.swift */,
				ED5DF4212B0CB2250061B4A1 /* GraphView.swift */,
				ED5DF4232B0CB2370061B4A1 /* CitiesView.swift */,
				ED5DF4252B0CB2480061B4A1 /* ImageRecoView.swift */,
				ED5DF4272B0CD6980061B4A1 /* MapView.swift */,
			);
			path = Views;
			sourceTree = "<group>";
		};
/* End PBXGroup section */

/* Begin PBXNativeTarget section */
		ED5DF3D22B0CA22E0061B4A1 /* Tp_Final */ = {
			isa = PBXNativeTarget;
			buildConfigurationList = ED5DF3F72B0CA2300061B4A1 /* Build configuration list for PBXNativeTarget "Tp_Final" */;
			buildPhases = (
				ED5DF3CF2B0CA22E0061B4A1 /* Sources */,
				ED5DF3D02B0CA22E0061B4A1 /* Frameworks */,
				ED5DF3D12B0CA22E0061B4A1 /* Resources */,
			);
			buildRules = (
			);
			dependencies = (
			);
			name = Tp_Final;
			productName = Tp_Final;
			productReference = ED5DF3D32B0CA22E0061B4A1 /* Tp_Final.app */;
			productType = "com.apple.product-type.application";
		};
		ED5DF3E22B0CA2300061B4A1 /* Tp_FinalTests */ = {
			isa = PBXNativeTarget;
			buildConfigurationList = ED5DF3FA2B0CA2300061B4A1 /* Build configuration list for PBXNativeTarget "Tp_FinalTests" */;
			buildPhases = (
				ED5DF3DF2B0CA2300061B4A1 /* Sources */,
				ED5DF3E02B0CA2300061B4A1 /* Frameworks */,
				ED5DF3E12B0CA2300061B4A1 /* Resources */,
			);
			buildRules = (
			);
			dependencies = (
				ED5DF3E52B0CA2300061B4A1 /* PBXTargetDependency */,
			);
			name = Tp_FinalTests;
			productName = Tp_FinalTests;
			productReference = ED5DF3E32B0CA2300061B4A1 /* Tp_FinalTests.xctest */;
			productType = "com.apple.product-type.bundle.unit-test";
		};
		ED5DF3EC2B0CA2300061B4A1 /* Tp_FinalUITests */ = {
			isa = PBXNativeTarget;
			buildConfigurationList = ED5DF3FD2B0CA2300061B4A1 /* Build configuration list for PBXNativeTarget "Tp_FinalUITests" */;
			buildPhases = (
				ED5DF3E92B0CA2300061B4A1 /* Sources */,
				ED5DF3EA2B0CA2300061B4A1 /* Frameworks */,
				ED5DF3EB2B0CA2300061B4A1 /* Resources */,
			);
			buildRules = (
			);
			dependencies = (
				ED5DF3EF2B0CA2300061B4A1 /* PBXTargetDependency */,
			);
			name = Tp_FinalUITests;
			productName = Tp_FinalUITests;
			productReference = ED5DF3ED2B0CA2300061B4A1 /* Tp_FinalUITests.xctest */;
			productType = "com.apple.product-type.bundle.ui-testing";
		};
/* End PBXNativeTarget section */

/* Begin PBXProject section */
		ED5DF3CB2B0CA22E0061B4A1 /* Project object */ = {
			isa = PBXProject;
			attributes = {
				BuildIndependentTargetsInParallel = 1;
				LastSwiftUpdateCheck = 1500;
				LastUpgradeCheck = 1500;
				TargetAttributes = {
					ED5DF3D22B0CA22E0061B4A1 = {
						CreatedOnToolsVersion = 15.0.1;
					};
					ED5DF3E22B0CA2300061B4A1 = {
						CreatedOnToolsVersion = 15.0.1;
						TestTargetID = ED5DF3D22B0CA22E0061B4A1;
					};
					ED5DF3EC2B0CA2300061B4A1 = {
						CreatedOnToolsVersion = 15.0.1;
						TestTargetID = ED5DF3D22B0CA22E0061B4A1;
					};
				};
			};
			buildConfigurationList = ED5DF3CE2B0CA22E0061B4A1 /* Build configuration list for PBXProject "Tp_Final" */;
			compatibilityVersion = "Xcode 14.0";
			developmentRegion = en;
			hasScannedForEncodings = 0;
			knownRegions = (
				en,
				Base,
			);
			mainGroup = ED5DF3CA2B0CA22E0061B4A1;
			productRefGroup = ED5DF3D42B0CA22E0061B4A1 /* Products */;
			projectDirPath = "";
			projectRoot = "";
			targets = (
				ED5DF3D22B0CA22E0061B4A1 /* Tp_Final */,
				ED5DF3E22B0CA2300061B4A1 /* Tp_FinalTests */,
				ED5DF3EC2B0CA2300061B4A1 /* Tp_FinalUITests */,
			);
		};
/* End PBXProject section */

/* Begin PBXResourcesBuildPhase section */
		ED5DF3D12B0CA22E0061B4A1 /* Resources */ = {
			isa = PBXResourcesBuildPhase;
			buildActionMask = 2147483647;
			files = (
				ED5DF3DE2B0CA2300061B4A1 /* Preview Assets.xcassets in Resources */,
				ED5DF3DB2B0CA2300061B4A1 /* Assets.xcassets in Resources */,
			);
			runOnlyForDeploymentPostprocessing = 0;
		};
		ED5DF3E12B0CA2300061B4A1 /* Resources */ = {
			isa = PBXResourcesBuildPhase;
			buildActionMask = 2147483647;
			files = (
			);
			runOnlyForDeploymentPostprocessing = 0;
		};
		ED5DF3EB2B0CA2300061B4A1 /* Resources */ = {
			isa = PBXResourcesBuildPhase;
			buildActionMask = 2147483647;
			files = (
			);
			runOnlyForDeploymentPostprocessing = 0;
		};
/* End PBXResourcesBuildPhase section */

/* Begin PBXSourcesBuildPhase section */
		ED5DF3CF2B0CA22E0061B4A1 /* Sources */ = {
			isa = PBXSourcesBuildPhase;
			buildActionMask = 2147483647;
			files = (
				ED5DF4202B0CACF30061B4A1 /* SelectView.swift in Sources */,
				ED5DF41C2B0CA6930061B4A1 /* Peripheral.swift in Sources */,
				ED5DF41D2B0CA6930061B4A1 /* Utilities.swift in Sources */,
				ED5DF40B2B0CA2DC0061B4A1 /* ImagePicker.swift in Sources */,
				ED5DF4242B0CB2370061B4A1 /* CitiesView.swift in Sources */,
				ED5DF4192B0CA6930061B4A1 /* BLEManager.swift in Sources */,
				ED5DF4082B0CA2DC0061B4A1 /* ConnectionView.swift in Sources */,
				ED5DF4282B0CD6980061B4A1 /* MapView.swift in Sources */,
				ED5DF4262B0CB2480061B4A1 /* ImageRecoView.swift in Sources */,
				ED5DF41A2B0CA6930061B4A1 /* Connection.swift in Sources */,
				ED5DF41B2B0CA6930061B4A1 /* Message.swift in Sources */,
				ED5DF41E2B0CA6930061B4A1 /* DataBytesManager.swift in Sources */,
				ED5DF4112B0CA4100061B4A1 /* PeripheralView.swift in Sources */,
				ED5DF3D72B0CA22E0061B4A1 /* Tp_FinalApp.swift in Sources */,
				ED5DF4222B0CB2250061B4A1 /* GraphView.swift in Sources */,
			);
			runOnlyForDeploymentPostprocessing = 0;
		};
		ED5DF3DF2B0CA2300061B4A1 /* Sources */ = {
			isa = PBXSourcesBuildPhase;
			buildActionMask = 2147483647;
			files = (
				ED5DF3E82B0CA2300061B4A1 /* Tp_FinalTests.swift in Sources */,
			);
			runOnlyForDeploymentPostprocessing = 0;
		};
		ED5DF3E92B0CA2300061B4A1 /* Sources */ = {
			isa = PBXSourcesBuildPhase;
			buildActionMask = 2147483647;
			files = (
				ED5DF3F42B0CA2300061B4A1 /* Tp_FinalUITestsLaunchTests.swift in Sources */,
				ED5DF3F22B0CA2300061B4A1 /* Tp_FinalUITests.swift in Sources */,
			);
			runOnlyForDeploymentPostprocessing = 0;
		};
/* End PBXSourcesBuildPhase section */

/* Begin PBXTargetDependency section */
		ED5DF3E52B0CA2300061B4A1 /* PBXTargetDependency */ = {
			isa = PBXTargetDependency;
			target = ED5DF3D22B0CA22E0061B4A1 /* Tp_Final */;
			targetProxy = ED5DF3E42B0CA2300061B4A1 /* PBXContainerItemProxy */;
		};
		ED5DF3EF2B0CA2300061B4A1 /* PBXTargetDependency */ = {
			isa = PBXTargetDependency;
			target = ED5DF3D22B0CA22E0061B4A1 /* Tp_Final */;
			targetProxy = ED5DF3EE2B0CA2300061B4A1 /* PBXContainerItemProxy */;
		};
/* End PBXTargetDependency section */

/* Begin XCBuildConfiguration section */
		ED5DF3F52B0CA2300061B4A1 /* Debug */ = {
			isa = XCBuildConfiguration;
			buildSettings = {
				ALWAYS_SEARCH_USER_PATHS = NO;
				ASSETCATALOG_COMPILER_GENERATE_SWIFT_ASSET_SYMBOL_EXTENSIONS = YES;
				CLANG_ANALYZER_NONNULL = YES;
				CLANG_ANALYZER_NUMBER_OBJECT_CONVERSION = YES_AGGRESSIVE;
				CLANG_CXX_LANGUAGE_STANDARD = "gnu++20";
				CLANG_ENABLE_MODULES = YES;
				CLANG_ENABLE_OBJC_ARC = YES;
				CLANG_ENABLE_OBJC_WEAK = YES;
				CLANG_WARN_BLOCK_CAPTURE_AUTORELEASING = YES;
				CLANG_WARN_BOOL_CONVERSION = YES;
				CLANG_WARN_COMMA = YES;
				CLANG_WARN_CONSTANT_CONVERSION = YES;
				CLANG_WARN_DEPRECATED_OBJC_IMPLEMENTATIONS = YES;
				CLANG_WARN_DIRECT_OBJC_ISA_USAGE = YES_ERROR;
				CLANG_WARN_DOCUMENTATION_COMMENTS = YES;
				CLANG_WARN_EMPTY_BODY = YES;
				CLANG_WARN_ENUM_CONVERSION = YES;
				CLANG_WARN_INFINITE_RECURSION = YES;
				CLANG_WARN_INT_CONVERSION = YES;
				CLANG_WARN_NON_LITERAL_NULL_CONVERSION = YES;
				CLANG_WARN_OBJC_IMPLICIT_RETAIN_SELF = YES;
				CLANG_WARN_OBJC_LITERAL_CONVERSION = YES;
				CLANG_WARN_OBJC_ROOT_CLASS = YES_ERROR;
				CLANG_WARN_QUOTED_INCLUDE_IN_FRAMEWORK_HEADER = YES;
				CLANG_WARN_RANGE_LOOP_ANALYSIS = YES;
				CLANG_WARN_STRICT_PROTOTYPES = YES;
				CLANG_WARN_SUSPICIOUS_MOVE = YES;
				CLANG_WARN_UNGUARDED_AVAILABILITY = YES_AGGRESSIVE;
				CLANG_WARN_UNREACHABLE_CODE = YES;
				CLANG_WARN__DUPLICATE_METHOD_MATCH = YES;
				COPY_PHASE_STRIP = NO;
				DEBUG_INFORMATION_FORMAT = dwarf;
				ENABLE_STRICT_OBJC_MSGSEND = YES;
				ENABLE_TESTABILITY = YES;
				ENABLE_USER_SCRIPT_SANDBOXING = YES;
				GCC_C_LANGUAGE_STANDARD = gnu17;
				GCC_DYNAMIC_NO_PIC = NO;
				GCC_NO_COMMON_BLOCKS = YES;
				GCC_OPTIMIZATION_LEVEL = 0;
				GCC_PREPROCESSOR_DEFINITIONS = (
					"DEBUG=1",
					"$(inherited)",
				);
				GCC_WARN_64_TO_32_BIT_CONVERSION = YES;
				GCC_WARN_ABOUT_RETURN_TYPE = YES_ERROR;
				GCC_WARN_UNDECLARED_SELECTOR = YES;
				GCC_WARN_UNINITIALIZED_AUTOS = YES_AGGRESSIVE;
				GCC_WARN_UNUSED_FUNCTION = YES;
				GCC_WARN_UNUSED_VARIABLE = YES;
				IPHONEOS_DEPLOYMENT_TARGET = 17.0;
				LOCALIZATION_PREFERS_STRING_CATALOGS = YES;
				MTL_ENABLE_DEBUG_INFO = INCLUDE_SOURCE;
				MTL_FAST_MATH = YES;
				ONLY_ACTIVE_ARCH = YES;
				SDKROOT = iphoneos;
				SWIFT_ACTIVE_COMPILATION_CONDITIONS = "DEBUG $(inherited)";
				SWIFT_OPTIMIZATION_LEVEL = "-Onone";
			};
			name = Debug;
		};
		ED5DF3F62B0CA2300061B4A1 /* Release */ = {
			isa = XCBuildConfiguration;
			buildSettings = {
				ALWAYS_SEARCH_USER_PATHS = NO;
				ASSETCATALOG_COMPILER_GENERATE_SWIFT_ASSET_SYMBOL_EXTENSIONS = YES;
				CLANG_ANALYZER_NONNULL = YES;
				CLANG_ANALYZER_NUMBER_OBJECT_CONVERSION = YES_AGGRESSIVE;
				CLANG_CXX_LANGUAGE_STANDARD = "gnu++20";
				CLANG_ENABLE_MODULES = YES;
				CLANG_ENABLE_OBJC_ARC = YES;
				CLANG_ENABLE_OBJC_WEAK = YES;
				CLANG_WARN_BLOCK_CAPTURE_AUTORELEASING = YES;
				CLANG_WARN_BOOL_CONVERSION = YES;
				CLANG_WARN_COMMA = YES;
				CLANG_WARN_CONSTANT_CONVERSION = YES;
				CLANG_WARN_DEPRECATED_OBJC_IMPLEMENTATIONS = YES;
				CLANG_WARN_DIRECT_OBJC_ISA_USAGE = YES_ERROR;
				CLANG_WARN_DOCUMENTATION_COMMENTS = YES;
				CLANG_WARN_EMPTY_BODY = YES;
				CLANG_WARN_ENUM_CONVERSION = YES;
				CLANG_WARN_INFINITE_RECURSION = YES;
				CLANG_WARN_INT_CONVERSION = YES;
				CLANG_WARN_NON_LITERAL_NULL_CONVERSION = YES;
				CLANG_WARN_OBJC_IMPLICIT_RETAIN_SELF = YES;
				CLANG_WARN_OBJC_LITERAL_CONVERSION = YES;
				CLANG_WARN_OBJC_ROOT_CLASS = YES_ERROR;
				CLANG_WARN_QUOTED_INCLUDE_IN_FRAMEWORK_HEADER = YES;
				CLANG_WARN_RANGE_LOOP_ANALYSIS = YES;
				CLANG_WARN_STRICT_PROTOTYPES = YES;
				CLANG_WARN_SUSPICIOUS_MOVE = YES;
				CLANG_WARN_UNGUARDED_AVAILABILITY = YES_AGGRESSIVE;
				CLANG_WARN_UNREACHABLE_CODE = YES;
				CLANG_WARN__DUPLICATE_METHOD_MATCH = YES;
				COPY_PHASE_STRIP = NO;
				DEBUG_INFORMATION_FORMAT = "dwarf-with-dsym";
				ENABLE_NS_ASSERTIONS = NO;
				ENABLE_STRICT_OBJC_MSGSEND = YES;
				ENABLE_USER_SCRIPT_SANDBOXING = YES;
				GCC_C_LANGUAGE_STANDARD = gnu17;
				GCC_NO_COMMON_BLOCKS = YES;
				GCC_WARN_64_TO_32_BIT_CONVERSION = YES;
				GCC_WARN_ABOUT_RETURN_TYPE = YES_ERROR;
				GCC_WARN_UNDECLARED_SELECTOR = YES;
				GCC_WARN_UNINITIALIZED_AUTOS = YES_AGGRESSIVE;
				GCC_WARN_UNUSED_FUNCTION = YES;
				GCC_WARN_UNUSED_VARIABLE = YES;
				IPHONEOS_DEPLOYMENT_TARGET = 17.0;
				LOCALIZATION_PREFERS_STRING_CATALOGS = YES;
				MTL_ENABLE_DEBUG_INFO = NO;
				MTL_FAST_MATH = YES;
				SDKROOT = iphoneos;
				SWIFT_COMPILATION_MODE = wholemodule;
				VALIDATE_PRODUCT = YES;
			};
			name = Release;
		};
		ED5DF3F82B0CA2300061B4A1 /* Debug */ = {
			isa = XCBuildConfiguration;
			buildSettings = {
				ASSETCATALOG_COMPILER_APPICON_NAME = AppIcon;
				ASSETCATALOG_COMPILER_GLOBAL_ACCENT_COLOR_NAME = AccentColor;
				CODE_SIGN_STYLE = Automatic;
				CURRENT_PROJECT_VERSION = 1;
				DEVELOPMENT_ASSET_PATHS = "\"Tp_Final/Preview Content\"";
				DEVELOPMENT_TEAM = 5X6JDKHZC6;
				ENABLE_PREVIEWS = YES;
				GENERATE_INFOPLIST_FILE = YES;
				INFOPLIST_KEY_NSBluetoothAlwaysUsageDescription = yes;
				INFOPLIST_KEY_NSBluetoothPeripheralUsageDescription = "periph ble";
				INFOPLIST_KEY_UIApplicationSceneManifest_Generation = YES;
				INFOPLIST_KEY_UIApplicationSupportsIndirectInputEvents = YES;
				INFOPLIST_KEY_UILaunchScreen_Generation = YES;
				INFOPLIST_KEY_UISupportedInterfaceOrientations_iPad = "UIInterfaceOrientationPortrait UIInterfaceOrientationPortraitUpsideDown UIInterfaceOrientationLandscapeLeft UIInterfaceOrientationLandscapeRight";
				INFOPLIST_KEY_UISupportedInterfaceOrientations_iPhone = "UIInterfaceOrientationPortrait UIInterfaceOrientationLandscapeLeft UIInterfaceOrientationLandscapeRight";
				LD_RUNPATH_SEARCH_PATHS = (
					"$(inherited)",
					"@executable_path/Frameworks",
				);
				MARKETING_VERSION = 1.0;
				PRODUCT_BUNDLE_IDENTIFIER = "com.joyce.Tp-Final";
				PRODUCT_NAME = "$(TARGET_NAME)";
				SWIFT_EMIT_LOC_STRINGS = YES;
				SWIFT_VERSION = 5.0;
				TARGETED_DEVICE_FAMILY = "1,2";
			};
			name = Debug;
		};
		ED5DF3F92B0CA2300061B4A1 /* Release */ = {
			isa = XCBuildConfiguration;
			buildSettings = {
				ASSETCATALOG_COMPILER_APPICON_NAME = AppIcon;
				ASSETCATALOG_COMPILER_GLOBAL_ACCENT_COLOR_NAME = AccentColor;
				CODE_SIGN_STYLE = Automatic;
				CURRENT_PROJECT_VERSION = 1;
				DEVELOPMENT_ASSET_PATHS = "\"Tp_Final/Preview Content\"";
				DEVELOPMENT_TEAM = 5X6JDKHZC6;
				ENABLE_PREVIEWS = YES;
				GENERATE_INFOPLIST_FILE = YES;
				INFOPLIST_KEY_NSBluetoothAlwaysUsageDescription = yes;
				INFOPLIST_KEY_NSBluetoothPeripheralUsageDescription = "periph ble";
				INFOPLIST_KEY_UIApplicationSceneManifest_Generation = YES;
				INFOPLIST_KEY_UIApplicationSupportsIndirectInputEvents = YES;
				INFOPLIST_KEY_UILaunchScreen_Generation = YES;
				INFOPLIST_KEY_UISupportedInterfaceOrientations_iPad = "UIInterfaceOrientationPortrait UIInterfaceOrientationPortraitUpsideDown UIInterfaceOrientationLandscapeLeft UIInterfaceOrientationLandscapeRight";
				INFOPLIST_KEY_UISupportedInterfaceOrientations_iPhone = "UIInterfaceOrientationPortrait UIInterfaceOrientationLandscapeLeft UIInterfaceOrientationLandscapeRight";
				LD_RUNPATH_SEARCH_PATHS = (
					"$(inherited)",
					"@executable_path/Frameworks",
				);
				MARKETING_VERSION = 1.0;
				PRODUCT_BUNDLE_IDENTIFIER = "com.joyce.Tp-Final";
				PRODUCT_NAME = "$(TARGET_NAME)";
				SWIFT_EMIT_LOC_STRINGS = YES;
				SWIFT_VERSION = 5.0;
				TARGETED_DEVICE_FAMILY = "1,2";
			};
			name = Release;
		};
		ED5DF3FB2B0CA2300061B4A1 /* Debug */ = {
			isa = XCBuildConfiguration;
			buildSettings = {
				ALWAYS_EMBED_SWIFT_STANDARD_LIBRARIES = YES;
				BUNDLE_LOADER = "$(TEST_HOST)";
				CODE_SIGN_STYLE = Automatic;
				CURRENT_PROJECT_VERSION = 1;
				DEVELOPMENT_TEAM = 5X6JDKHZC6;
				GENERATE_INFOPLIST_FILE = YES;
				IPHONEOS_DEPLOYMENT_TARGET = 17.0;
				MARKETING_VERSION = 1.0;
				PRODUCT_BUNDLE_IDENTIFIER = "com.joyce.Tp-FinalTests";
				PRODUCT_NAME = "$(TARGET_NAME)";
				SWIFT_EMIT_LOC_STRINGS = NO;
				SWIFT_VERSION = 5.0;
				TARGETED_DEVICE_FAMILY = "1,2";
				TEST_HOST = "$(BUILT_PRODUCTS_DIR)/Tp_Final.app/$(BUNDLE_EXECUTABLE_FOLDER_PATH)/Tp_Final";
			};
			name = Debug;
		};
		ED5DF3FC2B0CA2300061B4A1 /* Release */ = {
			isa = XCBuildConfiguration;
			buildSettings = {
				ALWAYS_EMBED_SWIFT_STANDARD_LIBRARIES = YES;
				BUNDLE_LOADER = "$(TEST_HOST)";
				CODE_SIGN_STYLE = Automatic;
				CURRENT_PROJECT_VERSION = 1;
				DEVELOPMENT_TEAM = 5X6JDKHZC6;
				GENERATE_INFOPLIST_FILE = YES;
				IPHONEOS_DEPLOYMENT_TARGET = 17.0;
				MARKETING_VERSION = 1.0;
				PRODUCT_BUNDLE_IDENTIFIER = "com.joyce.Tp-FinalTests";
				PRODUCT_NAME = "$(TARGET_NAME)";
				SWIFT_EMIT_LOC_STRINGS = NO;
				SWIFT_VERSION = 5.0;
				TARGETED_DEVICE_FAMILY = "1,2";
				TEST_HOST = "$(BUILT_PRODUCTS_DIR)/Tp_Final.app/$(BUNDLE_EXECUTABLE_FOLDER_PATH)/Tp_Final";
			};
			name = Release;
		};
		ED5DF3FE2B0CA2300061B4A1 /* Debug */ = {
			isa = XCBuildConfiguration;
			buildSettings = {
				ALWAYS_EMBED_SWIFT_STANDARD_LIBRARIES = YES;
				CODE_SIGN_STYLE = Automatic;
				CURRENT_PROJECT_VERSION = 1;
				DEVELOPMENT_TEAM = 5X6JDKHZC6;
				GENERATE_INFOPLIST_FILE = YES;
				MARKETING_VERSION = 1.0;
				PRODUCT_BUNDLE_IDENTIFIER = "com.joyce.Tp-FinalUITests";
				PRODUCT_NAME = "$(TARGET_NAME)";
				SWIFT_EMIT_LOC_STRINGS = NO;
				SWIFT_VERSION = 5.0;
				TARGETED_DEVICE_FAMILY = "1,2";
				TEST_TARGET_NAME = Tp_Final;
			};
			name = Debug;
		};
		ED5DF3FF2B0CA2300061B4A1 /* Release */ = {
			isa = XCBuildConfiguration;
			buildSettings = {
				ALWAYS_EMBED_SWIFT_STANDARD_LIBRARIES = YES;
				CODE_SIGN_STYLE = Automatic;
				CURRENT_PROJECT_VERSION = 1;
				DEVELOPMENT_TEAM = 5X6JDKHZC6;
				GENERATE_INFOPLIST_FILE = YES;
				MARKETING_VERSION = 1.0;
				PRODUCT_BUNDLE_IDENTIFIER = "com.joyce.Tp-FinalUITests";
				PRODUCT_NAME = "$(TARGET_NAME)";
				SWIFT_EMIT_LOC_STRINGS = NO;
				SWIFT_VERSION = 5.0;
				TARGETED_DEVICE_FAMILY = "1,2";
				TEST_TARGET_NAME = Tp_Final;
			};
			name = Release;
		};
/* End XCBuildConfiguration section */

/* Begin XCConfigurationList section */
		ED5DF3CE2B0CA22E0061B4A1 /* Build configuration list for PBXProject "Tp_Final" */ = {
			isa = XCConfigurationList;
			buildConfigurations = (
				ED5DF3F52B0CA2300061B4A1 /* Debug */,
				ED5DF3F62B0CA2300061B4A1 /* Release */,
			);
			defaultConfigurationIsVisible = 0;
			defaultConfigurationName = Release;
		};
		ED5DF3F72B0CA2300061B4A1 /* Build configuration list for PBXNativeTarget "Tp_Final" */ = {
			isa = XCConfigurationList;
			buildConfigurations = (
				ED5DF3F82B0CA2300061B4A1 /* Debug */,
				ED5DF3F92B0CA2300061B4A1 /* Release */,
			);
			defaultConfigurationIsVisible = 0;
			defaultConfigurationName = Release;
		};
		ED5DF3FA2B0CA2300061B4A1 /* Build configuration list for PBXNativeTarget "Tp_FinalTests" */ = {
			isa = XCConfigurationList;
			buildConfigurations = (
				ED5DF3FB2B0CA2300061B4A1 /* Debug */,
				ED5DF3FC2B0CA2300061B4A1 /* Release */,
			);
			defaultConfigurationIsVisible = 0;
			defaultConfigurationName = Release;
		};
		ED5DF3FD2B0CA2300061B4A1 /* Build configuration list for PBXNativeTarget "Tp_FinalUITests" */ = {
			isa = XCConfigurationList;
			buildConfigurations = (
				ED5DF3FE2B0CA2300061B4A1 /* Debug */,
				ED5DF3FF2B0CA2300061B4A1 /* Release */,
			);
			defaultConfigurationIsVisible = 0;
			defaultConfigurationName = Release;
		};
/* End XCConfigurationList section */
	};
	rootObject = ED5DF3CB2B0CA22E0061B4A1 /* Project object */;
}
