// !$*UTF8*$!
{
	archiveVersion = 1;
	classes = {
	};
	objectVersion = 56;
	objects = {

/* Begin PBXBuildFile section */
		ED42462F2AFB779D009586E8 /* SwiftUI_BLEApp.swift in Sources */ = {isa = PBXBuildFile; fileRef = ED42462E2AFB779D009586E8 /* SwiftUI_BLEApp.swift */; };
		ED4246312AFB779D009586E8 /* ContentView.swift in Sources */ = {isa = PBXBuildFile; fileRef = ED4246302AFB779D009586E8 /* ContentView.swift */; };
		ED4246332AFB779F009586E8 /* Assets.xcassets in Resources */ = {isa = PBXBuildFile; fileRef = ED4246322AFB779F009586E8 /* Assets.xcassets */; };
		ED4246362AFB779F009586E8 /* Preview Assets.xcassets in Resources */ = {isa = PBXBuildFile; fileRef = ED4246352AFB779F009586E8 /* Preview Assets.xcassets */; };
		ED4246402AFB779F009586E8 /* SwiftUI_BLETests.swift in Sources */ = {isa = PBXBuildFile; fileRef = ED42463F2AFB779F009586E8 /* SwiftUI_BLETests.swift */; };
		ED42464A2AFB779F009586E8 /* SwiftUI_BLEUITests.swift in Sources */ = {isa = PBXBuildFile; fileRef = ED4246492AFB779F009586E8 /* SwiftUI_BLEUITests.swift */; };
		ED42464C2AFB779F009586E8 /* SwiftUI_BLEUITestsLaunchTests.swift in Sources */ = {isa = PBXBuildFile; fileRef = ED42464B2AFB779F009586E8 /* SwiftUI_BLEUITestsLaunchTests.swift */; };
		ED4246672AFB7D89009586E8 /* BLEManager.swift in Sources */ = {isa = PBXBuildFile; fileRef = ED4246662AFB7D89009586E8 /* BLEManager.swift */; };
/* End PBXBuildFile section */

/* Begin PBXContainerItemProxy section */
		ED42463C2AFB779F009586E8 /* PBXContainerItemProxy */ = {
			isa = PBXContainerItemProxy;
			containerPortal = ED4246232AFB779D009586E8 /* Project object */;
			proxyType = 1;
			remoteGlobalIDString = ED42462A2AFB779D009586E8;
			remoteInfo = SwiftUI_BLE;
		};
		ED4246462AFB779F009586E8 /* PBXContainerItemProxy */ = {
			isa = PBXContainerItemProxy;
			containerPortal = ED4246232AFB779D009586E8 /* Project object */;
			proxyType = 1;
			remoteGlobalIDString = ED42462A2AFB779D009586E8;
			remoteInfo = SwiftUI_BLE;
		};
/* End PBXContainerItemProxy section */

/* Begin PBXFileReference section */
		ED42462B2AFB779D009586E8 /* SwiftUI_BLE.app */ = {isa = PBXFileReference; explicitFileType = wrapper.application; includeInIndex = 0; path = SwiftUI_BLE.app; sourceTree = BUILT_PRODUCTS_DIR; };
		ED42462E2AFB779D009586E8 /* SwiftUI_BLEApp.swift */ = {isa = PBXFileReference; lastKnownFileType = sourcecode.swift; path = SwiftUI_BLEApp.swift; sourceTree = "<group>"; };
		ED4246302AFB779D009586E8 /* ContentView.swift */ = {isa = PBXFileReference; lastKnownFileType = sourcecode.swift; path = ContentView.swift; sourceTree = "<group>"; };
		ED4246322AFB779F009586E8 /* Assets.xcassets */ = {isa = PBXFileReference; lastKnownFileType = folder.assetcatalog; path = Assets.xcassets; sourceTree = "<group>"; };
		ED4246352AFB779F009586E8 /* Preview Assets.xcassets */ = {isa = PBXFileReference; lastKnownFileType = folder.assetcatalog; path = "Preview Assets.xcassets"; sourceTree = "<group>"; };
		ED42463B2AFB779F009586E8 /* SwiftUI_BLETests.xctest */ = {isa = PBXFileReference; explicitFileType = wrapper.cfbundle; includeInIndex = 0; path = SwiftUI_BLETests.xctest; sourceTree = BUILT_PRODUCTS_DIR; };
		ED42463F2AFB779F009586E8 /* SwiftUI_BLETests.swift */ = {isa = PBXFileReference; lastKnownFileType = sourcecode.swift; path = SwiftUI_BLETests.swift; sourceTree = "<group>"; };
		ED4246452AFB779F009586E8 /* SwiftUI_BLEUITests.xctest */ = {isa = PBXFileReference; explicitFileType = wrapper.cfbundle; includeInIndex = 0; path = SwiftUI_BLEUITests.xctest; sourceTree = BUILT_PRODUCTS_DIR; };
		ED4246492AFB779F009586E8 /* SwiftUI_BLEUITests.swift */ = {isa = PBXFileReference; lastKnownFileType = sourcecode.swift; path = SwiftUI_BLEUITests.swift; sourceTree = "<group>"; };
		ED42464B2AFB779F009586E8 /* SwiftUI_BLEUITestsLaunchTests.swift */ = {isa = PBXFileReference; lastKnownFileType = sourcecode.swift; path = SwiftUI_BLEUITestsLaunchTests.swift; sourceTree = "<group>"; };
		ED4246662AFB7D89009586E8 /* BLEManager.swift */ = {isa = PBXFileReference; fileEncoding = 4; lastKnownFileType = sourcecode.swift; path = BLEManager.swift; sourceTree = "<group>"; };
/* End PBXFileReference section */

/* Begin PBXFrameworksBuildPhase section */
		ED4246282AFB779D009586E8 /* Frameworks */ = {
			isa = PBXFrameworksBuildPhase;
			buildActionMask = 2147483647;
			files = (
			);
			runOnlyForDeploymentPostprocessing = 0;
		};
		ED4246382AFB779F009586E8 /* Frameworks */ = {
			isa = PBXFrameworksBuildPhase;
			buildActionMask = 2147483647;
			files = (
			);
			runOnlyForDeploymentPostprocessing = 0;
		};
		ED4246422AFB779F009586E8 /* Frameworks */ = {
			isa = PBXFrameworksBuildPhase;
			buildActionMask = 2147483647;
			files = (
			);
			runOnlyForDeploymentPostprocessing = 0;
		};
/* End PBXFrameworksBuildPhase section */

/* Begin PBXGroup section */
		ED4246222AFB779D009586E8 = {
			isa = PBXGroup;
			children = (
				ED42462D2AFB779D009586E8 /* SwiftUI_BLE */,
				ED42463E2AFB779F009586E8 /* SwiftUI_BLETests */,
				ED4246482AFB779F009586E8 /* SwiftUI_BLEUITests */,
				ED42462C2AFB779D009586E8 /* Products */,
			);
			sourceTree = "<group>";
		};
		ED42462C2AFB779D009586E8 /* Products */ = {
			isa = PBXGroup;
			children = (
				ED42462B2AFB779D009586E8 /* SwiftUI_BLE.app */,
				ED42463B2AFB779F009586E8 /* SwiftUI_BLETests.xctest */,
				ED4246452AFB779F009586E8 /* SwiftUI_BLEUITests.xctest */,
			);
			name = Products;
			sourceTree = "<group>";
		};
		ED42462D2AFB779D009586E8 /* SwiftUI_BLE */ = {
			isa = PBXGroup;
			children = (
				ED4246662AFB7D89009586E8 /* BLEManager.swift */,
				ED42462E2AFB779D009586E8 /* SwiftUI_BLEApp.swift */,
				ED4246302AFB779D009586E8 /* ContentView.swift */,
				ED4246322AFB779F009586E8 /* Assets.xcassets */,
				ED4246342AFB779F009586E8 /* Preview Content */,
			);
			path = SwiftUI_BLE;
			sourceTree = "<group>";
		};
		ED4246342AFB779F009586E8 /* Preview Content */ = {
			isa = PBXGroup;
			children = (
				ED4246352AFB779F009586E8 /* Preview Assets.xcassets */,
			);
			path = "Preview Content";
			sourceTree = "<group>";
		};
		ED42463E2AFB779F009586E8 /* SwiftUI_BLETests */ = {
			isa = PBXGroup;
			children = (
				ED42463F2AFB779F009586E8 /* SwiftUI_BLETests.swift */,
			);
			path = SwiftUI_BLETests;
			sourceTree = "<group>";
		};
		ED4246482AFB779F009586E8 /* SwiftUI_BLEUITests */ = {
			isa = PBXGroup;
			children = (
				ED4246492AFB779F009586E8 /* SwiftUI_BLEUITests.swift */,
				ED42464B2AFB779F009586E8 /* SwiftUI_BLEUITestsLaunchTests.swift */,
			);
			path = SwiftUI_BLEUITests;
			sourceTree = "<group>";
		};
/* End PBXGroup section */

/* Begin PBXNativeTarget section */
		ED42462A2AFB779D009586E8 /* SwiftUI_BLE */ = {
			isa = PBXNativeTarget;
			buildConfigurationList = ED42464F2AFB779F009586E8 /* Build configuration list for PBXNativeTarget "SwiftUI_BLE" */;
			buildPhases = (
				ED4246272AFB779D009586E8 /* Sources */,
				ED4246282AFB779D009586E8 /* Frameworks */,
				ED4246292AFB779D009586E8 /* Resources */,
			);
			buildRules = (
			);
			dependencies = (
			);
			name = SwiftUI_BLE;
			productName = SwiftUI_BLE;
			productReference = ED42462B2AFB779D009586E8 /* SwiftUI_BLE.app */;
			productType = "com.apple.product-type.application";
		};
		ED42463A2AFB779F009586E8 /* SwiftUI_BLETests */ = {
			isa = PBXNativeTarget;
			buildConfigurationList = ED4246522AFB779F009586E8 /* Build configuration list for PBXNativeTarget "SwiftUI_BLETests" */;
			buildPhases = (
				ED4246372AFB779F009586E8 /* Sources */,
				ED4246382AFB779F009586E8 /* Frameworks */,
				ED4246392AFB779F009586E8 /* Resources */,
			);
			buildRules = (
			);
			dependencies = (
				ED42463D2AFB779F009586E8 /* PBXTargetDependency */,
			);
			name = SwiftUI_BLETests;
			productName = SwiftUI_BLETests;
			productReference = ED42463B2AFB779F009586E8 /* SwiftUI_BLETests.xctest */;
			productType = "com.apple.product-type.bundle.unit-test";
		};
		ED4246442AFB779F009586E8 /* SwiftUI_BLEUITests */ = {
			isa = PBXNativeTarget;
			buildConfigurationList = ED4246552AFB779F009586E8 /* Build configuration list for PBXNativeTarget "SwiftUI_BLEUITests" */;
			buildPhases = (
				ED4246412AFB779F009586E8 /* Sources */,
				ED4246422AFB779F009586E8 /* Frameworks */,
				ED4246432AFB779F009586E8 /* Resources */,
			);
			buildRules = (
			);
			dependencies = (
				ED4246472AFB779F009586E8 /* PBXTargetDependency */,
			);
			name = SwiftUI_BLEUITests;
			productName = SwiftUI_BLEUITests;
			productReference = ED4246452AFB779F009586E8 /* SwiftUI_BLEUITests.xctest */;
			productType = "com.apple.product-type.bundle.ui-testing";
		};
/* End PBXNativeTarget section */

/* Begin PBXProject section */
		ED4246232AFB779D009586E8 /* Project object */ = {
			isa = PBXProject;
			attributes = {
				BuildIndependentTargetsInParallel = 1;
				LastSwiftUpdateCheck = 1500;
				LastUpgradeCheck = 1500;
				TargetAttributes = {
					ED42462A2AFB779D009586E8 = {
						CreatedOnToolsVersion = 15.0.1;
					};
					ED42463A2AFB779F009586E8 = {
						CreatedOnToolsVersion = 15.0.1;
						TestTargetID = ED42462A2AFB779D009586E8;
					};
					ED4246442AFB779F009586E8 = {
						CreatedOnToolsVersion = 15.0.1;
						TestTargetID = ED42462A2AFB779D009586E8;
					};
				};
			};
			buildConfigurationList = ED4246262AFB779D009586E8 /* Build configuration list for PBXProject "SwiftUI_BLE" */;
			compatibilityVersion = "Xcode 14.0";
			developmentRegion = en;
			hasScannedForEncodings = 0;
			knownRegions = (
				en,
				Base,
			);
			mainGroup = ED4246222AFB779D009586E8;
			productRefGroup = ED42462C2AFB779D009586E8 /* Products */;
			projectDirPath = "";
			projectRoot = "";
			targets = (
				ED42462A2AFB779D009586E8 /* SwiftUI_BLE */,
				ED42463A2AFB779F009586E8 /* SwiftUI_BLETests */,
				ED4246442AFB779F009586E8 /* SwiftUI_BLEUITests */,
			);
		};
/* End PBXProject section */

/* Begin PBXResourcesBuildPhase section */
		ED4246292AFB779D009586E8 /* Resources */ = {
			isa = PBXResourcesBuildPhase;
			buildActionMask = 2147483647;
			files = (
				ED4246362AFB779F009586E8 /* Preview Assets.xcassets in Resources */,
				ED4246332AFB779F009586E8 /* Assets.xcassets in Resources */,
			);
			runOnlyForDeploymentPostprocessing = 0;
		};
		ED4246392AFB779F009586E8 /* Resources */ = {
			isa = PBXResourcesBuildPhase;
			buildActionMask = 2147483647;
			files = (
			);
			runOnlyForDeploymentPostprocessing = 0;
		};
		ED4246432AFB779F009586E8 /* Resources */ = {
			isa = PBXResourcesBuildPhase;
			buildActionMask = 2147483647;
			files = (
			);
			runOnlyForDeploymentPostprocessing = 0;
		};
/* End PBXResourcesBuildPhase section */

/* Begin PBXSourcesBuildPhase section */
		ED4246272AFB779D009586E8 /* Sources */ = {
			isa = PBXSourcesBuildPhase;
			buildActionMask = 2147483647;
			files = (
				ED4246312AFB779D009586E8 /* ContentView.swift in Sources */,
				ED4246672AFB7D89009586E8 /* BLEManager.swift in Sources */,
				ED42462F2AFB779D009586E8 /* SwiftUI_BLEApp.swift in Sources */,
			);
			runOnlyForDeploymentPostprocessing = 0;
		};
		ED4246372AFB779F009586E8 /* Sources */ = {
			isa = PBXSourcesBuildPhase;
			buildActionMask = 2147483647;
			files = (
				ED4246402AFB779F009586E8 /* SwiftUI_BLETests.swift in Sources */,
			);
			runOnlyForDeploymentPostprocessing = 0;
		};
		ED4246412AFB779F009586E8 /* Sources */ = {
			isa = PBXSourcesBuildPhase;
			buildActionMask = 2147483647;
			files = (
				ED42464C2AFB779F009586E8 /* SwiftUI_BLEUITestsLaunchTests.swift in Sources */,
				ED42464A2AFB779F009586E8 /* SwiftUI_BLEUITests.swift in Sources */,
			);
			runOnlyForDeploymentPostprocessing = 0;
		};
/* End PBXSourcesBuildPhase section */

/* Begin PBXTargetDependency section */
		ED42463D2AFB779F009586E8 /* PBXTargetDependency */ = {
			isa = PBXTargetDependency;
			target = ED42462A2AFB779D009586E8 /* SwiftUI_BLE */;
			targetProxy = ED42463C2AFB779F009586E8 /* PBXContainerItemProxy */;
		};
		ED4246472AFB779F009586E8 /* PBXTargetDependency */ = {
			isa = PBXTargetDependency;
			target = ED42462A2AFB779D009586E8 /* SwiftUI_BLE */;
			targetProxy = ED4246462AFB779F009586E8 /* PBXContainerItemProxy */;
		};
/* End PBXTargetDependency section */

/* Begin XCBuildConfiguration section */
		ED42464D2AFB779F009586E8 /* Debug */ = {
			isa = XCBuildConfiguration;
			buildSettings = {
				ALWAYS_SEARCH_USER_PATHS = NO;
				ASSETCATALOG_COMPILER_GENERATE_SWIFT_ASSET_SYMBOL_EXTENSIONS = YES;
				CLANG_ANALYZER_NONNULL = YES;
				CLANG_ANALYZER_NUMBER_OBJECT_CONVERSION = YES_AGGRESSIVE;
				CLANG_CXX_LANGUAGE_STANDARD = "gnu++20";
				CLANG_ENABLE_MODULES = YES;
				CLANG_ENABLE_OBJC_ARC = YES;
				CLANG_ENABLE_OBJC_WEAK = YES;
				CLANG_WARN_BLOCK_CAPTURE_AUTORELEASING = YES;
				CLANG_WARN_BOOL_CONVERSION = YES;
				CLANG_WARN_COMMA = YES;
				CLANG_WARN_CONSTANT_CONVERSION = YES;
				CLANG_WARN_DEPRECATED_OBJC_IMPLEMENTATIONS = YES;
				CLANG_WARN_DIRECT_OBJC_ISA_USAGE = YES_ERROR;
				CLANG_WARN_DOCUMENTATION_COMMENTS = YES;
				CLANG_WARN_EMPTY_BODY = YES;
				CLANG_WARN_ENUM_CONVERSION = YES;
				CLANG_WARN_INFINITE_RECURSION = YES;
				CLANG_WARN_INT_CONVERSION = YES;
				CLANG_WARN_NON_LITERAL_NULL_CONVERSION = YES;
				CLANG_WARN_OBJC_IMPLICIT_RETAIN_SELF = YES;
				CLANG_WARN_OBJC_LITERAL_CONVERSION = YES;
				CLANG_WARN_OBJC_ROOT_CLASS = YES_ERROR;
				CLANG_WARN_QUOTED_INCLUDE_IN_FRAMEWORK_HEADER = YES;
				CLANG_WARN_RANGE_LOOP_ANALYSIS = YES;
				CLANG_WARN_STRICT_PROTOTYPES = YES;
				CLANG_WARN_SUSPICIOUS_MOVE = YES;
				CLANG_WARN_UNGUARDED_AVAILABILITY = YES_AGGRESSIVE;
				CLANG_WARN_UNREACHABLE_CODE = YES;
				CLANG_WARN__DUPLICATE_METHOD_MATCH = YES;
				COPY_PHASE_STRIP = NO;
				DEBUG_INFORMATION_FORMAT = dwarf;
				ENABLE_STRICT_OBJC_MSGSEND = YES;
				ENABLE_TESTABILITY = YES;
				ENABLE_USER_SCRIPT_SANDBOXING = YES;
				GCC_C_LANGUAGE_STANDARD = gnu17;
				GCC_DYNAMIC_NO_PIC = NO;
				GCC_NO_COMMON_BLOCKS = YES;
				GCC_OPTIMIZATION_LEVEL = 0;
				GCC_PREPROCESSOR_DEFINITIONS = (
					"DEBUG=1",
					"$(inherited)",
				);
				GCC_WARN_64_TO_32_BIT_CONVERSION = YES;
				GCC_WARN_ABOUT_RETURN_TYPE = YES_ERROR;
				GCC_WARN_UNDECLARED_SELECTOR = YES;
				GCC_WARN_UNINITIALIZED_AUTOS = YES_AGGRESSIVE;
				GCC_WARN_UNUSED_FUNCTION = YES;
				GCC_WARN_UNUSED_VARIABLE = YES;
				IPHONEOS_DEPLOYMENT_TARGET = 17.0;
				LOCALIZATION_PREFERS_STRING_CATALOGS = YES;
				MTL_ENABLE_DEBUG_INFO = INCLUDE_SOURCE;
				MTL_FAST_MATH = YES;
				ONLY_ACTIVE_ARCH = YES;
				SDKROOT = iphoneos;
				SWIFT_ACTIVE_COMPILATION_CONDITIONS = "DEBUG $(inherited)";
				SWIFT_OPTIMIZATION_LEVEL = "-Onone";
			};
			name = Debug;
		};
		ED42464E2AFB779F009586E8 /* Release */ = {
			isa = XCBuildConfiguration;
			buildSettings = {
				ALWAYS_SEARCH_USER_PATHS = NO;
				ASSETCATALOG_COMPILER_GENERATE_SWIFT_ASSET_SYMBOL_EXTENSIONS = YES;
				CLANG_ANALYZER_NONNULL = YES;
				CLANG_ANALYZER_NUMBER_OBJECT_CONVERSION = YES_AGGRESSIVE;
				CLANG_CXX_LANGUAGE_STANDARD = "gnu++20";
				CLANG_ENABLE_MODULES = YES;
				CLANG_ENABLE_OBJC_ARC = YES;
				CLANG_ENABLE_OBJC_WEAK = YES;
				CLANG_WARN_BLOCK_CAPTURE_AUTORELEASING = YES;
				CLANG_WARN_BOOL_CONVERSION = YES;
				CLANG_WARN_COMMA = YES;
				CLANG_WARN_CONSTANT_CONVERSION = YES;
				CLANG_WARN_DEPRECATED_OBJC_IMPLEMENTATIONS = YES;
				CLANG_WARN_DIRECT_OBJC_ISA_USAGE = YES_ERROR;
				CLANG_WARN_DOCUMENTATION_COMMENTS = YES;
				CLANG_WARN_EMPTY_BODY = YES;
				CLANG_WARN_ENUM_CONVERSION = YES;
				CLANG_WARN_INFINITE_RECURSION = YES;
				CLANG_WARN_INT_CONVERSION = YES;
				CLANG_WARN_NON_LITERAL_NULL_CONVERSION = YES;
				CLANG_WARN_OBJC_IMPLICIT_RETAIN_SELF = YES;
				CLANG_WARN_OBJC_LITERAL_CONVERSION = YES;
				CLANG_WARN_OBJC_ROOT_CLASS = YES_ERROR;
				CLANG_WARN_QUOTED_INCLUDE_IN_FRAMEWORK_HEADER = YES;
				CLANG_WARN_RANGE_LOOP_ANALYSIS = YES;
				CLANG_WARN_STRICT_PROTOTYPES = YES;
				CLANG_WARN_SUSPICIOUS_MOVE = YES;
				CLANG_WARN_UNGUARDED_AVAILABILITY = YES_AGGRESSIVE;
				CLANG_WARN_UNREACHABLE_CODE = YES;
				CLANG_WARN__DUPLICATE_METHOD_MATCH = YES;
				COPY_PHASE_STRIP = NO;
				DEBUG_INFORMATION_FORMAT = "dwarf-with-dsym";
				ENABLE_NS_ASSERTIONS = NO;
				ENABLE_STRICT_OBJC_MSGSEND = YES;
				ENABLE_USER_SCRIPT_SANDBOXING = YES;
				GCC_C_LANGUAGE_STANDARD = gnu17;
				GCC_NO_COMMON_BLOCKS = YES;
				GCC_WARN_64_TO_32_BIT_CONVERSION = YES;
				GCC_WARN_ABOUT_RETURN_TYPE = YES_ERROR;
				GCC_WARN_UNDECLARED_SELECTOR = YES;
				GCC_WARN_UNINITIALIZED_AUTOS = YES_AGGRESSIVE;
				GCC_WARN_UNUSED_FUNCTION = YES;
				GCC_WARN_UNUSED_VARIABLE = YES;
				IPHONEOS_DEPLOYMENT_TARGET = 17.0;
				LOCALIZATION_PREFERS_STRING_CATALOGS = YES;
				MTL_ENABLE_DEBUG_INFO = NO;
				MTL_FAST_MATH = YES;
				SDKROOT = iphoneos;
				SWIFT_COMPILATION_MODE = wholemodule;
				VALIDATE_PRODUCT = YES;
			};
			name = Release;
		};
		ED4246502AFB779F009586E8 /* Debug */ = {
			isa = XCBuildConfiguration;
			buildSettings = {
				ASSETCATALOG_COMPILER_APPICON_NAME = AppIcon;
				ASSETCATALOG_COMPILER_GLOBAL_ACCENT_COLOR_NAME = AccentColor;
				CODE_SIGN_STYLE = Automatic;
				CURRENT_PROJECT_VERSION = 1;
				DEVELOPMENT_ASSET_PATHS = "\"SwiftUI_BLE/Preview Content\"";
				DEVELOPMENT_TEAM = 5X6JDKHZC6;
				ENABLE_PREVIEWS = YES;
				GENERATE_INFOPLIST_FILE = YES;
				INFOPLIST_KEY_UIApplicationSceneManifest_Generation = YES;
				INFOPLIST_KEY_UIApplicationSupportsIndirectInputEvents = YES;
				INFOPLIST_KEY_UILaunchScreen_Generation = YES;
				INFOPLIST_KEY_UISupportedInterfaceOrientations_iPad = "UIInterfaceOrientationPortrait UIInterfaceOrientationPortraitUpsideDown UIInterfaceOrientationLandscapeLeft UIInterfaceOrientationLandscapeRight";
				INFOPLIST_KEY_UISupportedInterfaceOrientations_iPhone = "UIInterfaceOrientationPortrait UIInterfaceOrientationLandscapeLeft UIInterfaceOrientationLandscapeRight";
				LD_RUNPATH_SEARCH_PATHS = (
					"$(inherited)",
					"@executable_path/Frameworks",
				);
				MARKETING_VERSION = 1.0;
				PRODUCT_BUNDLE_IDENTIFIER = "com.joyce.SwiftUI-BLE";
				PRODUCT_NAME = "$(TARGET_NAME)";
				SWIFT_EMIT_LOC_STRINGS = YES;
				SWIFT_VERSION = 5.0;
				TARGETED_DEVICE_FAMILY = "1,2";
			};
			name = Debug;
		};
		ED4246512AFB779F009586E8 /* Release */ = {
			isa = XCBuildConfiguration;
			buildSettings = {
				ASSETCATALOG_COMPILER_APPICON_NAME = AppIcon;
				ASSETCATALOG_COMPILER_GLOBAL_ACCENT_COLOR_NAME = AccentColor;
				CODE_SIGN_STYLE = Automatic;
				CURRENT_PROJECT_VERSION = 1;
				DEVELOPMENT_ASSET_PATHS = "\"SwiftUI_BLE/Preview Content\"";
				DEVELOPMENT_TEAM = 5X6JDKHZC6;
				ENABLE_PREVIEWS = YES;
				GENERATE_INFOPLIST_FILE = YES;
				INFOPLIST_KEY_UIApplicationSceneManifest_Generation = YES;
				INFOPLIST_KEY_UIApplicationSupportsIndirectInputEvents = YES;
				INFOPLIST_KEY_UILaunchScreen_Generation = YES;
				INFOPLIST_KEY_UISupportedInterfaceOrientations_iPad = "UIInterfaceOrientationPortrait UIInterfaceOrientationPortraitUpsideDown UIInterfaceOrientationLandscapeLeft UIInterfaceOrientationLandscapeRight";
				INFOPLIST_KEY_UISupportedInterfaceOrientations_iPhone = "UIInterfaceOrientationPortrait UIInterfaceOrientationLandscapeLeft UIInterfaceOrientationLandscapeRight";
				LD_RUNPATH_SEARCH_PATHS = (
					"$(inherited)",
					"@executable_path/Frameworks",
				);
				MARKETING_VERSION = 1.0;
				PRODUCT_BUNDLE_IDENTIFIER = "com.joyce.SwiftUI-BLE";
				PRODUCT_NAME = "$(TARGET_NAME)";
				SWIFT_EMIT_LOC_STRINGS = YES;
				SWIFT_VERSION = 5.0;
				TARGETED_DEVICE_FAMILY = "1,2";
			};
			name = Release;
		};
		ED4246532AFB779F009586E8 /* Debug */ = {
			isa = XCBuildConfiguration;
			buildSettings = {
				ALWAYS_EMBED_SWIFT_STANDARD_LIBRARIES = YES;
				BUNDLE_LOADER = "$(TEST_HOST)";
				CODE_SIGN_STYLE = Automatic;
				CURRENT_PROJECT_VERSION = 1;
				DEVELOPMENT_TEAM = 5X6JDKHZC6;
				GENERATE_INFOPLIST_FILE = YES;
				IPHONEOS_DEPLOYMENT_TARGET = 17.0;
				MARKETING_VERSION = 1.0;
				PRODUCT_BUNDLE_IDENTIFIER = "com.joyce.SwiftUI-BLETests";
				PRODUCT_NAME = "$(TARGET_NAME)";
				SWIFT_EMIT_LOC_STRINGS = NO;
				SWIFT_VERSION = 5.0;
				TARGETED_DEVICE_FAMILY = "1,2";
				TEST_HOST = "$(BUILT_PRODUCTS_DIR)/SwiftUI_BLE.app/$(BUNDLE_EXECUTABLE_FOLDER_PATH)/SwiftUI_BLE";
			};
			name = Debug;
		};
		ED4246542AFB779F009586E8 /* Release */ = {
			isa = XCBuildConfiguration;
			buildSettings = {
				ALWAYS_EMBED_SWIFT_STANDARD_LIBRARIES = YES;
				BUNDLE_LOADER = "$(TEST_HOST)";
				CODE_SIGN_STYLE = Automatic;
				CURRENT_PROJECT_VERSION = 1;
				DEVELOPMENT_TEAM = 5X6JDKHZC6;
				GENERATE_INFOPLIST_FILE = YES;
				IPHONEOS_DEPLOYMENT_TARGET = 17.0;
				MARKETING_VERSION = 1.0;
				PRODUCT_BUNDLE_IDENTIFIER = "com.joyce.SwiftUI-BLETests";
				PRODUCT_NAME = "$(TARGET_NAME)";
				SWIFT_EMIT_LOC_STRINGS = NO;
				SWIFT_VERSION = 5.0;
				TARGETED_DEVICE_FAMILY = "1,2";
				TEST_HOST = "$(BUILT_PRODUCTS_DIR)/SwiftUI_BLE.app/$(BUNDLE_EXECUTABLE_FOLDER_PATH)/SwiftUI_BLE";
			};
			name = Release;
		};
		ED4246562AFB779F009586E8 /* Debug */ = {
			isa = XCBuildConfiguration;
			buildSettings = {
				ALWAYS_EMBED_SWIFT_STANDARD_LIBRARIES = YES;
				CODE_SIGN_STYLE = Automatic;
				CURRENT_PROJECT_VERSION = 1;
				DEVELOPMENT_TEAM = 5X6JDKHZC6;
				GENERATE_INFOPLIST_FILE = YES;
				MARKETING_VERSION = 1.0;
				PRODUCT_BUNDLE_IDENTIFIER = "com.joyce.SwiftUI-BLEUITests";
				PRODUCT_NAME = "$(TARGET_NAME)";
				SWIFT_EMIT_LOC_STRINGS = NO;
				SWIFT_VERSION = 5.0;
				TARGETED_DEVICE_FAMILY = "1,2";
				TEST_TARGET_NAME = SwiftUI_BLE;
			};
			name = Debug;
		};
		ED4246572AFB779F009586E8 /* Release */ = {
			isa = XCBuildConfiguration;
			buildSettings = {
				ALWAYS_EMBED_SWIFT_STANDARD_LIBRARIES = YES;
				CODE_SIGN_STYLE = Automatic;
				CURRENT_PROJECT_VERSION = 1;
				DEVELOPMENT_TEAM = 5X6JDKHZC6;
				GENERATE_INFOPLIST_FILE = YES;
				MARKETING_VERSION = 1.0;
				PRODUCT_BUNDLE_IDENTIFIER = "com.joyce.SwiftUI-BLEUITests";
				PRODUCT_NAME = "$(TARGET_NAME)";
				SWIFT_EMIT_LOC_STRINGS = NO;
				SWIFT_VERSION = 5.0;
				TARGETED_DEVICE_FAMILY = "1,2";
				TEST_TARGET_NAME = SwiftUI_BLE;
			};
			name = Release;
		};
/* End XCBuildConfiguration section */

/* Begin XCConfigurationList section */
		ED4246262AFB779D009586E8 /* Build configuration list for PBXProject "SwiftUI_BLE" */ = {
			isa = XCConfigurationList;
			buildConfigurations = (
				ED42464D2AFB779F009586E8 /* Debug */,
				ED42464E2AFB779F009586E8 /* Release */,
			);
			defaultConfigurationIsVisible = 0;
			defaultConfigurationName = Release;
		};
		ED42464F2AFB779F009586E8 /* Build configuration list for PBXNativeTarget "SwiftUI_BLE" */ = {
			isa = XCConfigurationList;
			buildConfigurations = (
				ED4246502AFB779F009586E8 /* Debug */,
				ED4246512AFB779F009586E8 /* Release */,
			);
			defaultConfigurationIsVisible = 0;
			defaultConfigurationName = Release;
		};
		ED4246522AFB779F009586E8 /* Build configuration list for PBXNativeTarget "SwiftUI_BLETests" */ = {
			isa = XCConfigurationList;
			buildConfigurations = (
				ED4246532AFB779F009586E8 /* Debug */,
				ED4246542AFB779F009586E8 /* Release */,
			);
			defaultConfigurationIsVisible = 0;
			defaultConfigurationName = Release;
		};
		ED4246552AFB779F009586E8 /* Build configuration list for PBXNativeTarget "SwiftUI_BLEUITests" */ = {
			isa = XCConfigurationList;
			buildConfigurations = (
				ED4246562AFB779F009586E8 /* Debug */,
				ED4246572AFB779F009586E8 /* Release */,
			);
			defaultConfigurationIsVisible = 0;
			defaultConfigurationName = Release;
		};
/* End XCConfigurationList section */
	};
	rootObject = ED4246232AFB779D009586E8 /* Project object */;
}
